// !$*UTF8*$!
{
	archiveVersion = 1;
	classes = {
	};
	objectVersion = 46;
	objects = {

/* Begin PBXBuildFile section */
		2461ABDB1DC7CC939BC305C2 /* Pods_Investment.framework in Frameworks */ = {isa = PBXBuildFile; fileRef = AC62D6580094BFC44A6B8EF4 /* Pods_Investment.framework */; };
		582E79E41F68DC7100A81F67 /* LoginController.swift in Sources */ = {isa = PBXBuildFile; fileRef = 582E79E31F68DC7100A81F67 /* LoginController.swift */; };
		582E79E61F68DC8900A81F67 /* RegisterController.swift in Sources */ = {isa = PBXBuildFile; fileRef = 582E79E51F68DC8900A81F67 /* RegisterController.swift */; };
		582E79E81F69234700A81F67 /* MyInvestmentController.swift in Sources */ = {isa = PBXBuildFile; fileRef = 582E79E71F69234700A81F67 /* MyInvestmentController.swift */; };
		582E79EC1F6A26BC00A81F67 /* CardController.swift in Sources */ = {isa = PBXBuildFile; fileRef = 582E79EB1F6A26BC00A81F67 /* CardController.swift */; };
		582E79EF1F6A319400A81F67 /* MyInvestmentCell.swift in Sources */ = {isa = PBXBuildFile; fileRef = 582E79EE1F6A319400A81F67 /* MyInvestmentCell.swift */; };
		582E79F11F6A31A100A81F67 /* CardCell.swift in Sources */ = {isa = PBXBuildFile; fileRef = 582E79F01F6A31A100A81F67 /* CardCell.swift */; };
		582E79F31F6A618C00A81F67 /* SalaryController.swift in Sources */ = {isa = PBXBuildFile; fileRef = 582E79F21F6A618C00A81F67 /* SalaryController.swift */; };
		582E79F51F6A693B00A81F67 /* Fourth.storyboard in Resources */ = {isa = PBXBuildFile; fileRef = 582E79F41F6A693B00A81F67 /* Fourth.storyboard */; };
		582E79F71F6A741D00A81F67 /* AppDelegate.swift in Sources */ = {isa = PBXBuildFile; fileRef = 582E79F61F6A741D00A81F67 /* AppDelegate.swift */; };
		582E79FC1F6BD1A100A81F67 /* LeftDetailController.swift in Sources */ = {isa = PBXBuildFile; fileRef = 582E79FB1F6BD1A100A81F67 /* LeftDetailController.swift */; };
		582E79FE1F6D22C400A81F67 /* InsuranceController.swift in Sources */ = {isa = PBXBuildFile; fileRef = 582E79FD1F6D22C400A81F67 /* InsuranceController.swift */; };
		582E7A001F6D22D800A81F67 /* RecordController.swift in Sources */ = {isa = PBXBuildFile; fileRef = 582E79FF1F6D22D800A81F67 /* RecordController.swift */; };
		582E7A021F6D242200A81F67 /* RecordCell.swift in Sources */ = {isa = PBXBuildFile; fileRef = 582E7A011F6D242200A81F67 /* RecordCell.swift */; };
		582E7A041F6F689300A81F67 /* STCountDownButton.swift in Sources */ = {isa = PBXBuildFile; fileRef = 582E7A031F6F689300A81F67 /* STCountDownButton.swift */; };
		582E7A081F6FC8B500A81F67 /* AddCardController.swift in Sources */ = {isa = PBXBuildFile; fileRef = 582E7A071F6FC8B500A81F67 /* AddCardController.swift */; };
		582E7A0A1F70C04500A81F67 /* SettingController.swift in Sources */ = {isa = PBXBuildFile; fileRef = 582E7A091F70C04500A81F67 /* SettingController.swift */; };
		582E7A0C1F70C14500A81F67 /* PersonButton.swift in Sources */ = {isa = PBXBuildFile; fileRef = 582E7A0B1F70C14500A81F67 /* PersonButton.swift */; };
		58302FD01F78E47A00D813DF /* CYConst.m in Sources */ = {isa = PBXBuildFile; fileRef = 58302FC61F78E47A00D813DF /* CYConst.m */; };
		58302FD11F78E47A00D813DF /* CYPasswordInputView.m in Sources */ = {isa = PBXBuildFile; fileRef = 58302FC81F78E47A00D813DF /* CYPasswordInputView.m */; };
		58302FD21F78E47A00D813DF /* CYPasswordView.bundle in Resources */ = {isa = PBXBuildFile; fileRef = 58302FC91F78E47A00D813DF /* CYPasswordView.bundle */; };
		58302FD31F78E47A00D813DF /* CYPasswordView.m in Sources */ = {isa = PBXBuildFile; fileRef = 58302FCB1F78E47A00D813DF /* CYPasswordView.m */; };
		58302FD41F78E47A00D813DF /* NSBundle+CYPasswordView.m in Sources */ = {isa = PBXBuildFile; fileRef = 58302FCD1F78E47A00D813DF /* NSBundle+CYPasswordView.m */; };
		58302FD51F78E47A00D813DF /* UIView+Extension.m in Sources */ = {isa = PBXBuildFile; fileRef = 58302FCF1F78E47A00D813DF /* UIView+Extension.m */; };
		58302FD71F78EFD800D813DF /* RechargeController.swift in Sources */ = {isa = PBXBuildFile; fileRef = 58302FD61F78EFD800D813DF /* RechargeController.swift */; };
		58302FD91F79FF4A00D813DF /* RecordModel.swift in Sources */ = {isa = PBXBuildFile; fileRef = 58302FD81F79FF4A00D813DF /* RecordModel.swift */; };
		5865D8E21F8C5C5A00CE1AFF /* MapModel.swift in Sources */ = {isa = PBXBuildFile; fileRef = 5865D8E11F8C5C5A00CE1AFF /* MapModel.swift */; };
		5865D8E41F8C65BA00CE1AFF /* STMyAnnotation.swift in Sources */ = {isa = PBXBuildFile; fileRef = 5865D8E31F8C65BA00CE1AFF /* STMyAnnotation.swift */; };
		5865D8E61F8C6F1600CE1AFF /* STMyAnnotationView.swift in Sources */ = {isa = PBXBuildFile; fileRef = 5865D8E51F8C6F1600CE1AFF /* STMyAnnotationView.swift */; };
		588755261F1600FF00602D43 /* Assets.xcassets in Resources */ = {isa = PBXBuildFile; fileRef = 588755251F1600FF00602D43 /* Assets.xcassets */; };
		588755291F1600FF00602D43 /* LaunchScreen.storyboard in Resources */ = {isa = PBXBuildFile; fileRef = 588755271F1600FF00602D43 /* LaunchScreen.storyboard */; };
		588755311F16028A00602D43 /* BaseTabbarController.swift in Sources */ = {isa = PBXBuildFile; fileRef = 588755301F16028A00602D43 /* BaseTabbarController.swift */; };
		588755331F16043000602D43 /* First.storyboard in Resources */ = {isa = PBXBuildFile; fileRef = 588755321F16043000602D43 /* First.storyboard */; };
		588755351F16043C00602D43 /* Second.storyboard in Resources */ = {isa = PBXBuildFile; fileRef = 588755341F16043C00602D43 /* Second.storyboard */; };
		588755371F16044700602D43 /* Third.storyboard in Resources */ = {isa = PBXBuildFile; fileRef = 588755361F16044700602D43 /* Third.storyboard */; };
		589F315A1F5F9E330004E83D /* FirstController.swift in Sources */ = {isa = PBXBuildFile; fileRef = 589F31591F5F9E330004E83D /* FirstController.swift */; };
		589F315C1F5F9E420004E83D /* SecondController.swift in Sources */ = {isa = PBXBuildFile; fileRef = 589F315B1F5F9E420004E83D /* SecondController.swift */; };
		589F315E1F5F9E520004E83D /* ThirdController.swift in Sources */ = {isa = PBXBuildFile; fileRef = 589F315D1F5F9E520004E83D /* ThirdController.swift */; };
		589F31601F5F9E600004E83D /* FourthController.swift in Sources */ = {isa = PBXBuildFile; fileRef = 589F315F1F5F9E600004E83D /* FourthController.swift */; };
		589F31621F5FA0050004E83D /* BaseNavController.swift in Sources */ = {isa = PBXBuildFile; fileRef = 589F31611F5FA0050004E83D /* BaseNavController.swift */; };
		589F31641F5FA0A40004E83D /* GlobalFunction.swift in Sources */ = {isa = PBXBuildFile; fileRef = 589F31631F5FA0A40004E83D /* GlobalFunction.swift */; };
		589F316D1F5FB5130004E83D /* UIView+Extension.swift in Sources */ = {isa = PBXBuildFile; fileRef = 589F316C1F5FB5130004E83D /* UIView+Extension.swift */; };
		589F316F1F5FB5660004E83D /* LeftController.swift in Sources */ = {isa = PBXBuildFile; fileRef = 589F316E1F5FB5660004E83D /* LeftController.swift */; };
		589F31711F5FB5720004E83D /* RightController.swift in Sources */ = {isa = PBXBuildFile; fileRef = 589F31701F5FB5720004E83D /* RightController.swift */; };
		589F31731F5FC7520004E83D /* SecondCell.swift in Sources */ = {isa = PBXBuildFile; fileRef = 589F31721F5FC7520004E83D /* SecondCell.swift */; };
		589F31991F5FF3AD0004E83D /* ITService.swift in Sources */ = {isa = PBXBuildFile; fileRef = 589F31981F5FF3AD0004E83D /* ITService.swift */; };
		589F319B1F5FF5AC0004E83D /* ANBaseNetWork.swift in Sources */ = {isa = PBXBuildFile; fileRef = 589F319A1F5FF5AC0004E83D /* ANBaseNetWork.swift */; };
		589F31A11F5FF7DC0004E83D /* ANLog.swift in Sources */ = {isa = PBXBuildFile; fileRef = 589F31A01F5FF7DC0004E83D /* ANLog.swift */; };
		589F31A41F60D1DA0004E83D /* ANRefreshFooter.swift in Sources */ = {isa = PBXBuildFile; fileRef = 589F31A21F60D1DA0004E83D /* ANRefreshFooter.swift */; };
		589F31A51F60D1DA0004E83D /* ANRefreshHeader.swift in Sources */ = {isa = PBXBuildFile; fileRef = 589F31A31F60D1DA0004E83D /* ANRefreshHeader.swift */; };
		589F31A71F60D5190004E83D /* LeftModel.swift in Sources */ = {isa = PBXBuildFile; fileRef = 589F31A61F60D5190004E83D /* LeftModel.swift */; };
		589F31A91F60D9870004E83D /* LeftCell.swift in Sources */ = {isa = PBXBuildFile; fileRef = 589F31A81F60D9870004E83D /* LeftCell.swift */; };
		589F31AB1F60ED990004E83D /* MyOrderController.swift in Sources */ = {isa = PBXBuildFile; fileRef = 589F31AA1F60ED990004E83D /* MyOrderController.swift */; };
		589F31AD1F60EE3B0004E83D /* OrderListController.swift in Sources */ = {isa = PBXBuildFile; fileRef = 589F31AC1F60EE3B0004E83D /* OrderListController.swift */; };
		589F31AF1F611B190004E83D /* AppDefine.swift in Sources */ = {isa = PBXBuildFile; fileRef = 589F31AE1F611B190004E83D /* AppDefine.swift */; };
		589F31B21F627A5A0004E83D /* Login.storyboard in Resources */ = {isa = PBXBuildFile; fileRef = 589F31B11F627A5A0004E83D /* Login.storyboard */; };
		58AF33F41F7A255300F3F082 /* InvestModel.swift in Sources */ = {isa = PBXBuildFile; fileRef = 58AF33F31F7A255300F3F082 /* InvestModel.swift */; };
		58AF33F61F7A48C700F3F082 /* OrderCell.swift in Sources */ = {isa = PBXBuildFile; fileRef = 58AF33F51F7A48C700F3F082 /* OrderCell.swift */; };
		58AF33F81F7B3B0200F3F082 /* PartModel.swift in Sources */ = {isa = PBXBuildFile; fileRef = 58AF33F71F7B3B0200F3F082 /* PartModel.swift */; };
		58AF33FC1F7B55A800F3F082 /* JWCountButton.m in Sources */ = {isa = PBXBuildFile; fileRef = 58AF33FB1F7B55A800F3F082 /* JWCountButton.m */; };
		58AF33FE1F7CD70600F3F082 /* OrderModel.swift in Sources */ = {isa = PBXBuildFile; fileRef = 58AF33FD1F7CD70600F3F082 /* OrderModel.swift */; };
		58AF34001F7DED1000F3F082 /* WithdrawController.swift in Sources */ = {isa = PBXBuildFile; fileRef = 58AF33FF1F7DED1000F3F082 /* WithdrawController.swift */; };
		58D102591F7218A6000EE176 /* AddressController.swift in Sources */ = {isa = PBXBuildFile; fileRef = 58D102581F7218A6000EE176 /* AddressController.swift */; };
		58D1025B1F7218C1000EE176 /* AddAddrController.swift in Sources */ = {isa = PBXBuildFile; fileRef = 58D1025A1F7218C1000EE176 /* AddAddrController.swift */; };
		58D1027A1F73A836000EE176 /* CardModel.swift in Sources */ = {isa = PBXBuildFile; fileRef = 58D102791F73A836000EE176 /* CardModel.swift */; };
		58D1027C1F73A8B4000EE176 /* AddrModel.swift in Sources */ = {isa = PBXBuildFile; fileRef = 58D1027B1F73A8B4000EE176 /* AddrModel.swift */; };
		58D1027E1F73A951000EE176 /* AddrCell.swift in Sources */ = {isa = PBXBuildFile; fileRef = 58D1027D1F73A951000EE176 /* AddrCell.swift */; };
		58D102861F74BF2C000EE176 /* DOPNavbarMenu.m in Sources */ = {isa = PBXBuildFile; fileRef = 58D102831F74BF2C000EE176 /* DOPNavbarMenu.m */; };
		58D102871F74BF2C000EE176 /* UIView+DOPExtension.m in Sources */ = {isa = PBXBuildFile; fileRef = 58D102851F74BF2C000EE176 /* UIView+DOPExtension.m */; };
		58D1028D1F74C123000EE176 /* ASValuePopUpView.m in Sources */ = {isa = PBXBuildFile; fileRef = 58D1028A1F74C123000EE176 /* ASValuePopUpView.m */; };
		58D1028E1F74C123000EE176 /* ASValueTrackingSlider.m in Sources */ = {isa = PBXBuildFile; fileRef = 58D1028C1F74C123000EE176 /* ASValueTrackingSlider.m */; };
		58D1029F1F75018C000EE176 /* GoodsModel.swift in Sources */ = {isa = PBXBuildFile; fileRef = 58D1029E1F75018C000EE176 /* GoodsModel.swift */; };
		58D102A11F750464000EE176 /* GoodsDetailController.swift in Sources */ = {isa = PBXBuildFile; fileRef = 58D102A01F750464000EE176 /* GoodsDetailController.swift */; };
		58D102A31F7608E0000EE176 /* ChooseView.xib in Resources */ = {isa = PBXBuildFile; fileRef = 58D102A21F7608E0000EE176 /* ChooseView.xib */; };
		58D102A51F7608F0000EE176 /* ChooseView.swift in Sources */ = {isa = PBXBuildFile; fileRef = 58D102A41F7608F0000EE176 /* ChooseView.swift */; };
		58D102A71F7640F0000EE176 /* ChooseViewController.swift in Sources */ = {isa = PBXBuildFile; fileRef = 58D102A61F7640F0000EE176 /* ChooseViewController.swift */; };
		58D102A91F7651AD000EE176 /* SetPayPwd.xib in Resources */ = {isa = PBXBuildFile; fileRef = 58D102A81F7651AD000EE176 /* SetPayPwd.xib */; };
		58D102AB1F7651C3000EE176 /* SetPayPwd.swift in Sources */ = {isa = PBXBuildFile; fileRef = 58D102AA1F7651C3000EE176 /* SetPayPwd.swift */; };
		58D102AD1F765334000EE176 /* SecurityCenterController.swift in Sources */ = {isa = PBXBuildFile; fileRef = 58D102AC1F765334000EE176 /* SecurityCenterController.swift */; };
/* End PBXBuildFile section */

/* Begin PBXFileReference section */
		582E79E31F68DC7100A81F67 /* LoginController.swift */ = {isa = PBXFileReference; fileEncoding = 4; lastKnownFileType = sourcecode.swift; path = LoginController.swift; sourceTree = "<group>"; };
		582E79E51F68DC8900A81F67 /* RegisterController.swift */ = {isa = PBXFileReference; fileEncoding = 4; lastKnownFileType = sourcecode.swift; path = RegisterController.swift; sourceTree = "<group>"; };
		582E79E71F69234700A81F67 /* MyInvestmentController.swift */ = {isa = PBXFileReference; fileEncoding = 4; lastKnownFileType = sourcecode.swift; path = MyInvestmentController.swift; sourceTree = "<group>"; };
		582E79EB1F6A26BC00A81F67 /* CardController.swift */ = {isa = PBXFileReference; fileEncoding = 4; lastKnownFileType = sourcecode.swift; path = CardController.swift; sourceTree = "<group>"; };
		582E79EE1F6A319400A81F67 /* MyInvestmentCell.swift */ = {isa = PBXFileReference; fileEncoding = 4; lastKnownFileType = sourcecode.swift; path = MyInvestmentCell.swift; sourceTree = "<group>"; };
		582E79F01F6A31A100A81F67 /* CardCell.swift */ = {isa = PBXFileReference; fileEncoding = 4; lastKnownFileType = sourcecode.swift; path = CardCell.swift; sourceTree = "<group>"; };
		582E79F21F6A618C00A81F67 /* SalaryController.swift */ = {isa = PBXFileReference; fileEncoding = 4; lastKnownFileType = sourcecode.swift; path = SalaryController.swift; sourceTree = "<group>"; };
		582E79F41F6A693B00A81F67 /* Fourth.storyboard */ = {isa = PBXFileReference; fileEncoding = 4; lastKnownFileType = file.storyboard; path = Fourth.storyboard; sourceTree = "<group>"; };
		582E79F61F6A741D00A81F67 /* AppDelegate.swift */ = {isa = PBXFileReference; fileEncoding = 4; lastKnownFileType = sourcecode.swift; path = AppDelegate.swift; sourceTree = "<group>"; };
		582E79FB1F6BD1A100A81F67 /* LeftDetailController.swift */ = {isa = PBXFileReference; fileEncoding = 4; lastKnownFileType = sourcecode.swift; path = LeftDetailController.swift; sourceTree = "<group>"; };
		582E79FD1F6D22C400A81F67 /* InsuranceController.swift */ = {isa = PBXFileReference; fileEncoding = 4; lastKnownFileType = sourcecode.swift; path = InsuranceController.swift; sourceTree = "<group>"; };
		582E79FF1F6D22D800A81F67 /* RecordController.swift */ = {isa = PBXFileReference; fileEncoding = 4; lastKnownFileType = sourcecode.swift; path = RecordController.swift; sourceTree = "<group>"; };
		582E7A011F6D242200A81F67 /* RecordCell.swift */ = {isa = PBXFileReference; fileEncoding = 4; lastKnownFileType = sourcecode.swift; path = RecordCell.swift; sourceTree = "<group>"; };
		582E7A031F6F689300A81F67 /* STCountDownButton.swift */ = {isa = PBXFileReference; fileEncoding = 4; lastKnownFileType = sourcecode.swift; path = STCountDownButton.swift; sourceTree = "<group>"; };
		582E7A071F6FC8B500A81F67 /* AddCardController.swift */ = {isa = PBXFileReference; fileEncoding = 4; lastKnownFileType = sourcecode.swift; path = AddCardController.swift; sourceTree = "<group>"; };
		582E7A091F70C04500A81F67 /* SettingController.swift */ = {isa = PBXFileReference; fileEncoding = 4; lastKnownFileType = sourcecode.swift; path = SettingController.swift; sourceTree = "<group>"; };
		582E7A0B1F70C14500A81F67 /* PersonButton.swift */ = {isa = PBXFileReference; fileEncoding = 4; lastKnownFileType = sourcecode.swift; path = PersonButton.swift; sourceTree = "<group>"; };
		58302FC51F78E47A00D813DF /* CYConst.h */ = {isa = PBXFileReference; fileEncoding = 4; lastKnownFileType = sourcecode.c.h; path = CYConst.h; sourceTree = "<group>"; };
		58302FC61F78E47A00D813DF /* CYConst.m */ = {isa = PBXFileReference; fileEncoding = 4; lastKnownFileType = sourcecode.c.objc; path = CYConst.m; sourceTree = "<group>"; };
		58302FC71F78E47A00D813DF /* CYPasswordInputView.h */ = {isa = PBXFileReference; fileEncoding = 4; lastKnownFileType = sourcecode.c.h; path = CYPasswordInputView.h; sourceTree = "<group>"; };
		58302FC81F78E47A00D813DF /* CYPasswordInputView.m */ = {isa = PBXFileReference; fileEncoding = 4; lastKnownFileType = sourcecode.c.objc; path = CYPasswordInputView.m; sourceTree = "<group>"; };
		58302FC91F78E47A00D813DF /* CYPasswordView.bundle */ = {isa = PBXFileReference; lastKnownFileType = "wrapper.plug-in"; path = CYPasswordView.bundle; sourceTree = "<group>"; };
		58302FCA1F78E47A00D813DF /* CYPasswordView.h */ = {isa = PBXFileReference; fileEncoding = 4; lastKnownFileType = sourcecode.c.h; path = CYPasswordView.h; sourceTree = "<group>"; };
		58302FCB1F78E47A00D813DF /* CYPasswordView.m */ = {isa = PBXFileReference; fileEncoding = 4; lastKnownFileType = sourcecode.c.objc; path = CYPasswordView.m; sourceTree = "<group>"; };
		58302FCC1F78E47A00D813DF /* NSBundle+CYPasswordView.h */ = {isa = PBXFileReference; fileEncoding = 4; lastKnownFileType = sourcecode.c.h; path = "NSBundle+CYPasswordView.h"; sourceTree = "<group>"; };
		58302FCD1F78E47A00D813DF /* NSBundle+CYPasswordView.m */ = {isa = PBXFileReference; fileEncoding = 4; lastKnownFileType = sourcecode.c.objc; path = "NSBundle+CYPasswordView.m"; sourceTree = "<group>"; };
		58302FCE1F78E47A00D813DF /* UIView+Extension.h */ = {isa = PBXFileReference; fileEncoding = 4; lastKnownFileType = sourcecode.c.h; path = "UIView+Extension.h"; sourceTree = "<group>"; };
		58302FCF1F78E47A00D813DF /* UIView+Extension.m */ = {isa = PBXFileReference; fileEncoding = 4; lastKnownFileType = sourcecode.c.objc; path = "UIView+Extension.m"; sourceTree = "<group>"; };
		58302FD61F78EFD800D813DF /* RechargeController.swift */ = {isa = PBXFileReference; fileEncoding = 4; lastKnownFileType = sourcecode.swift; path = RechargeController.swift; sourceTree = "<group>"; };
		58302FD81F79FF4A00D813DF /* RecordModel.swift */ = {isa = PBXFileReference; fileEncoding = 4; lastKnownFileType = sourcecode.swift; path = RecordModel.swift; sourceTree = "<group>"; };
		5865D8E11F8C5C5A00CE1AFF /* MapModel.swift */ = {isa = PBXFileReference; fileEncoding = 4; lastKnownFileType = sourcecode.swift; path = MapModel.swift; sourceTree = "<group>"; };
		5865D8E31F8C65BA00CE1AFF /* STMyAnnotation.swift */ = {isa = PBXFileReference; fileEncoding = 4; lastKnownFileType = sourcecode.swift; path = STMyAnnotation.swift; sourceTree = "<group>"; };
		5865D8E51F8C6F1600CE1AFF /* STMyAnnotationView.swift */ = {isa = PBXFileReference; fileEncoding = 4; lastKnownFileType = sourcecode.swift; path = STMyAnnotationView.swift; sourceTree = "<group>"; };
		5887551B1F1600FF00602D43 /* Investment.app */ = {isa = PBXFileReference; explicitFileType = wrapper.application; includeInIndex = 0; path = Investment.app; sourceTree = BUILT_PRODUCTS_DIR; };
		588755251F1600FF00602D43 /* Assets.xcassets */ = {isa = PBXFileReference; lastKnownFileType = folder.assetcatalog; path = Assets.xcassets; sourceTree = "<group>"; };
		588755281F1600FF00602D43 /* Base */ = {isa = PBXFileReference; lastKnownFileType = file.storyboard; name = Base; path = Base.lproj/LaunchScreen.storyboard; sourceTree = "<group>"; };
		5887552A1F1600FF00602D43 /* Info.plist */ = {isa = PBXFileReference; lastKnownFileType = text.plist.xml; path = Info.plist; sourceTree = "<group>"; };
		588755301F16028A00602D43 /* BaseTabbarController.swift */ = {isa = PBXFileReference; fileEncoding = 4; lastKnownFileType = sourcecode.swift; path = BaseTabbarController.swift; sourceTree = "<group>"; };
		588755321F16043000602D43 /* First.storyboard */ = {isa = PBXFileReference; fileEncoding = 4; lastKnownFileType = file.storyboard; name = First.storyboard; path = Investment/First.storyboard; sourceTree = SOURCE_ROOT; };
		588755341F16043C00602D43 /* Second.storyboard */ = {isa = PBXFileReference; fileEncoding = 4; lastKnownFileType = file.storyboard; name = Second.storyboard; path = Investment/Second.storyboard; sourceTree = SOURCE_ROOT; };
		588755361F16044700602D43 /* Third.storyboard */ = {isa = PBXFileReference; fileEncoding = 4; lastKnownFileType = file.storyboard; name = Third.storyboard; path = Investment/Third.storyboard; sourceTree = SOURCE_ROOT; };
		589F31591F5F9E330004E83D /* FirstController.swift */ = {isa = PBXFileReference; fileEncoding = 4; lastKnownFileType = sourcecode.swift; name = FirstController.swift; path = Investment/FirstController.swift; sourceTree = SOURCE_ROOT; };
		589F315B1F5F9E420004E83D /* SecondController.swift */ = {isa = PBXFileReference; fileEncoding = 4; lastKnownFileType = sourcecode.swift; name = SecondController.swift; path = Investment/SecondController.swift; sourceTree = SOURCE_ROOT; };
		589F315D1F5F9E520004E83D /* ThirdController.swift */ = {isa = PBXFileReference; fileEncoding = 4; lastKnownFileType = sourcecode.swift; name = ThirdController.swift; path = Investment/ThirdController.swift; sourceTree = SOURCE_ROOT; };
		589F315F1F5F9E600004E83D /* FourthController.swift */ = {isa = PBXFileReference; fileEncoding = 4; lastKnownFileType = sourcecode.swift; name = FourthController.swift; path = Investment/FourthController.swift; sourceTree = SOURCE_ROOT; };
		589F31611F5FA0050004E83D /* BaseNavController.swift */ = {isa = PBXFileReference; fileEncoding = 4; lastKnownFileType = sourcecode.swift; path = BaseNavController.swift; sourceTree = "<group>"; };
		589F31631F5FA0A40004E83D /* GlobalFunction.swift */ = {isa = PBXFileReference; fileEncoding = 4; lastKnownFileType = sourcecode.swift; path = GlobalFunction.swift; sourceTree = "<group>"; };
		589F316C1F5FB5130004E83D /* UIView+Extension.swift */ = {isa = PBXFileReference; fileEncoding = 4; lastKnownFileType = sourcecode.swift; path = "UIView+Extension.swift"; sourceTree = "<group>"; };
		589F316E1F5FB5660004E83D /* LeftController.swift */ = {isa = PBXFileReference; fileEncoding = 4; lastKnownFileType = sourcecode.swift; path = LeftController.swift; sourceTree = "<group>"; };
		589F31701F5FB5720004E83D /* RightController.swift */ = {isa = PBXFileReference; fileEncoding = 4; lastKnownFileType = sourcecode.swift; path = RightController.swift; sourceTree = "<group>"; };
		589F31721F5FC7520004E83D /* SecondCell.swift */ = {isa = PBXFileReference; fileEncoding = 4; lastKnownFileType = sourcecode.swift; path = SecondCell.swift; sourceTree = "<group>"; };
		589F31981F5FF3AD0004E83D /* ITService.swift */ = {isa = PBXFileReference; fileEncoding = 4; lastKnownFileType = sourcecode.swift; path = ITService.swift; sourceTree = "<group>"; };
		589F319A1F5FF5AC0004E83D /* ANBaseNetWork.swift */ = {isa = PBXFileReference; fileEncoding = 4; lastKnownFileType = sourcecode.swift; path = ANBaseNetWork.swift; sourceTree = "<group>"; };
		589F319C1F5FF6110004E83D /* Investment-Bridging-Header.h */ = {isa = PBXFileReference; lastKnownFileType = sourcecode.c.h; path = "Investment-Bridging-Header.h"; sourceTree = "<group>"; };
		589F31A01F5FF7DC0004E83D /* ANLog.swift */ = {isa = PBXFileReference; fileEncoding = 4; lastKnownFileType = sourcecode.swift; path = ANLog.swift; sourceTree = "<group>"; };
		589F31A21F60D1DA0004E83D /* ANRefreshFooter.swift */ = {isa = PBXFileReference; fileEncoding = 4; lastKnownFileType = sourcecode.swift; path = ANRefreshFooter.swift; sourceTree = "<group>"; };
		589F31A31F60D1DA0004E83D /* ANRefreshHeader.swift */ = {isa = PBXFileReference; fileEncoding = 4; lastKnownFileType = sourcecode.swift; path = ANRefreshHeader.swift; sourceTree = "<group>"; };
		589F31A61F60D5190004E83D /* LeftModel.swift */ = {isa = PBXFileReference; fileEncoding = 4; lastKnownFileType = sourcecode.swift; path = LeftModel.swift; sourceTree = "<group>"; };
		589F31A81F60D9870004E83D /* LeftCell.swift */ = {isa = PBXFileReference; fileEncoding = 4; lastKnownFileType = sourcecode.swift; path = LeftCell.swift; sourceTree = "<group>"; };
		589F31AA1F60ED990004E83D /* MyOrderController.swift */ = {isa = PBXFileReference; fileEncoding = 4; lastKnownFileType = sourcecode.swift; path = MyOrderController.swift; sourceTree = "<group>"; };
		589F31AC1F60EE3B0004E83D /* OrderListController.swift */ = {isa = PBXFileReference; fileEncoding = 4; lastKnownFileType = sourcecode.swift; path = OrderListController.swift; sourceTree = "<group>"; };
		589F31AE1F611B190004E83D /* AppDefine.swift */ = {isa = PBXFileReference; fileEncoding = 4; lastKnownFileType = sourcecode.swift; path = AppDefine.swift; sourceTree = "<group>"; };
		589F31B11F627A5A0004E83D /* Login.storyboard */ = {isa = PBXFileReference; fileEncoding = 4; lastKnownFileType = file.storyboard; path = Login.storyboard; sourceTree = "<group>"; };
		58AF33F31F7A255300F3F082 /* InvestModel.swift */ = {isa = PBXFileReference; fileEncoding = 4; lastKnownFileType = sourcecode.swift; path = InvestModel.swift; sourceTree = "<group>"; };
		58AF33F51F7A48C700F3F082 /* OrderCell.swift */ = {isa = PBXFileReference; fileEncoding = 4; lastKnownFileType = sourcecode.swift; path = OrderCell.swift; sourceTree = "<group>"; };
		58AF33F71F7B3B0200F3F082 /* PartModel.swift */ = {isa = PBXFileReference; fileEncoding = 4; lastKnownFileType = sourcecode.swift; path = PartModel.swift; sourceTree = "<group>"; };
		58AF33FA1F7B55A700F3F082 /* JWCountButton.h */ = {isa = PBXFileReference; fileEncoding = 4; lastKnownFileType = sourcecode.c.h; path = JWCountButton.h; sourceTree = "<group>"; };
		58AF33FB1F7B55A800F3F082 /* JWCountButton.m */ = {isa = PBXFileReference; fileEncoding = 4; lastKnownFileType = sourcecode.c.objc; path = JWCountButton.m; sourceTree = "<group>"; };
		58AF33FD1F7CD70600F3F082 /* OrderModel.swift */ = {isa = PBXFileReference; fileEncoding = 4; lastKnownFileType = sourcecode.swift; path = OrderModel.swift; sourceTree = "<group>"; };
		58AF33FF1F7DED1000F3F082 /* WithdrawController.swift */ = {isa = PBXFileReference; fileEncoding = 4; lastKnownFileType = sourcecode.swift; path = WithdrawController.swift; sourceTree = "<group>"; };
		58D102581F7218A6000EE176 /* AddressController.swift */ = {isa = PBXFileReference; fileEncoding = 4; lastKnownFileType = sourcecode.swift; path = AddressController.swift; sourceTree = "<group>"; };
		58D1025A1F7218C1000EE176 /* AddAddrController.swift */ = {isa = PBXFileReference; fileEncoding = 4; lastKnownFileType = sourcecode.swift; path = AddAddrController.swift; sourceTree = "<group>"; };
		58D102791F73A836000EE176 /* CardModel.swift */ = {isa = PBXFileReference; fileEncoding = 4; lastKnownFileType = sourcecode.swift; path = CardModel.swift; sourceTree = "<group>"; };
		58D1027B1F73A8B4000EE176 /* AddrModel.swift */ = {isa = PBXFileReference; fileEncoding = 4; lastKnownFileType = sourcecode.swift; path = AddrModel.swift; sourceTree = "<group>"; };
		58D1027D1F73A951000EE176 /* AddrCell.swift */ = {isa = PBXFileReference; fileEncoding = 4; lastKnownFileType = sourcecode.swift; path = AddrCell.swift; sourceTree = "<group>"; };
		58D102821F74BF2C000EE176 /* DOPNavbarMenu.h */ = {isa = PBXFileReference; fileEncoding = 4; lastKnownFileType = sourcecode.c.h; path = DOPNavbarMenu.h; sourceTree = "<group>"; };
		58D102831F74BF2C000EE176 /* DOPNavbarMenu.m */ = {isa = PBXFileReference; fileEncoding = 4; lastKnownFileType = sourcecode.c.objc; path = DOPNavbarMenu.m; sourceTree = "<group>"; };
		58D102841F74BF2C000EE176 /* UIView+DOPExtension.h */ = {isa = PBXFileReference; fileEncoding = 4; lastKnownFileType = sourcecode.c.h; path = "UIView+DOPExtension.h"; sourceTree = "<group>"; };
		58D102851F74BF2C000EE176 /* UIView+DOPExtension.m */ = {isa = PBXFileReference; fileEncoding = 4; lastKnownFileType = sourcecode.c.objc; path = "UIView+DOPExtension.m"; sourceTree = "<group>"; };
		58D102891F74C123000EE176 /* ASValuePopUpView.h */ = {isa = PBXFileReference; fileEncoding = 4; lastKnownFileType = sourcecode.c.h; path = ASValuePopUpView.h; sourceTree = "<group>"; };
		58D1028A1F74C123000EE176 /* ASValuePopUpView.m */ = {isa = PBXFileReference; fileEncoding = 4; lastKnownFileType = sourcecode.c.objc; path = ASValuePopUpView.m; sourceTree = "<group>"; };
		58D1028B1F74C123000EE176 /* ASValueTrackingSlider.h */ = {isa = PBXFileReference; fileEncoding = 4; lastKnownFileType = sourcecode.c.h; path = ASValueTrackingSlider.h; sourceTree = "<group>"; };
		58D1028C1F74C123000EE176 /* ASValueTrackingSlider.m */ = {isa = PBXFileReference; fileEncoding = 4; lastKnownFileType = sourcecode.c.objc; path = ASValueTrackingSlider.m; sourceTree = "<group>"; };
		58D102961F74FF80000EE176 /* FarmDetailViewController.swift */ = {isa = PBXFileReference; fileEncoding = 4; lastKnownFileType = sourcecode.swift; path = FarmDetailViewController.swift; sourceTree = "<group>"; };
		58D102971F74FF80000EE176 /* HttpRequest.swift */ = {isa = PBXFileReference; fileEncoding = 4; lastKnownFileType = sourcecode.swift; path = HttpRequest.swift; sourceTree = "<group>"; };
		58D102981F74FF80000EE176 /* MapSearchPig.swift */ = {isa = PBXFileReference; fileEncoding = 4; lastKnownFileType = sourcecode.swift; path = MapSearchPig.swift; sourceTree = "<group>"; };
		58D102991F74FF80000EE176 /* MapViewController.swift */ = {isa = PBXFileReference; fileEncoding = 4; lastKnownFileType = sourcecode.swift; path = MapViewController.swift; sourceTree = "<group>"; };
		58D1029E1F75018C000EE176 /* GoodsModel.swift */ = {isa = PBXFileReference; fileEncoding = 4; lastKnownFileType = sourcecode.swift; path = GoodsModel.swift; sourceTree = "<group>"; };
		58D102A01F750464000EE176 /* GoodsDetailController.swift */ = {isa = PBXFileReference; fileEncoding = 4; lastKnownFileType = sourcecode.swift; path = GoodsDetailController.swift; sourceTree = "<group>"; };
		58D102A21F7608E0000EE176 /* ChooseView.xib */ = {isa = PBXFileReference; fileEncoding = 4; lastKnownFileType = file.xib; path = ChooseView.xib; sourceTree = "<group>"; };
		58D102A41F7608F0000EE176 /* ChooseView.swift */ = {isa = PBXFileReference; fileEncoding = 4; lastKnownFileType = sourcecode.swift; path = ChooseView.swift; sourceTree = "<group>"; };
		58D102A61F7640F0000EE176 /* ChooseViewController.swift */ = {isa = PBXFileReference; fileEncoding = 4; lastKnownFileType = sourcecode.swift; path = ChooseViewController.swift; sourceTree = "<group>"; };
		58D102A81F7651AD000EE176 /* SetPayPwd.xib */ = {isa = PBXFileReference; fileEncoding = 4; lastKnownFileType = file.xib; path = SetPayPwd.xib; sourceTree = "<group>"; };
		58D102AA1F7651C3000EE176 /* SetPayPwd.swift */ = {isa = PBXFileReference; fileEncoding = 4; lastKnownFileType = sourcecode.swift; path = SetPayPwd.swift; sourceTree = "<group>"; };
		58D102AC1F765334000EE176 /* SecurityCenterController.swift */ = {isa = PBXFileReference; fileEncoding = 4; lastKnownFileType = sourcecode.swift; path = SecurityCenterController.swift; sourceTree = "<group>"; };
		AC62D6580094BFC44A6B8EF4 /* Pods_Investment.framework */ = {isa = PBXFileReference; explicitFileType = wrapper.framework; includeInIndex = 0; path = Pods_Investment.framework; sourceTree = BUILT_PRODUCTS_DIR; };
		ADC5CC48A22D8C8EAA110E1A /* Pods-Investment.release.xcconfig */ = {isa = PBXFileReference; includeInIndex = 1; lastKnownFileType = text.xcconfig; name = "Pods-Investment.release.xcconfig"; path = "Pods/Target Support Files/Pods-Investment/Pods-Investment.release.xcconfig"; sourceTree = "<group>"; };
		E8A5407F8DC43D5C6BD37496 /* Pods-Investment.debug.xcconfig */ = {isa = PBXFileReference; includeInIndex = 1; lastKnownFileType = text.xcconfig; name = "Pods-Investment.debug.xcconfig"; path = "Pods/Target Support Files/Pods-Investment/Pods-Investment.debug.xcconfig"; sourceTree = "<group>"; };
/* End PBXFileReference section */

/* Begin PBXFrameworksBuildPhase section */
		588755181F1600FF00602D43 /* Frameworks */ = {
			isa = PBXFrameworksBuildPhase;
			buildActionMask = 2147483647;
			files = (
				2461ABDB1DC7CC939BC305C2 /* Pods_Investment.framework in Frameworks */,
			);
			runOnlyForDeploymentPostprocessing = 0;
		};
/* End PBXFrameworksBuildPhase section */

/* Begin PBXGroup section */
		201AB10D812CD8656CD7F8CC /* Pods */ = {
			isa = PBXGroup;
			children = (
				E8A5407F8DC43D5C6BD37496 /* Pods-Investment.debug.xcconfig */,
				ADC5CC48A22D8C8EAA110E1A /* Pods-Investment.release.xcconfig */,
			);
			name = Pods;
			sourceTree = "<group>";
		};
		582E79ED1F6A315900A81F67 /* v */ = {
			isa = PBXGroup;
			children = (
				582E79F41F6A693B00A81F67 /* Fourth.storyboard */,
				582E79EE1F6A319400A81F67 /* MyInvestmentCell.swift */,
				582E79F01F6A31A100A81F67 /* CardCell.swift */,
				58D1027D1F73A951000EE176 /* AddrCell.swift */,
				58D102A81F7651AD000EE176 /* SetPayPwd.xib */,
				58D102AA1F7651C3000EE176 /* SetPayPwd.swift */,
				58AF33F51F7A48C700F3F082 /* OrderCell.swift */,
			);
			path = v;
			sourceTree = "<group>";
		};
		582E79F81F6BA80200A81F67 /* vendor */ = {
			isa = PBXGroup;
			children = (
				58AF33F91F7B55A700F3F082 /* JWCountButton */,
				58302FC41F78E47A00D813DF /* CYPasswordView */,
				58D102881F74C123000EE176 /* ASValueTrackingSlider */,
				58D102811F74BEF8000EE176 /* DOPNavbarMenu */,
				582E7A031F6F689300A81F67 /* STCountDownButton.swift */,
				582E7A0B1F70C14500A81F67 /* PersonButton.swift */,
			);
			path = vendor;
			sourceTree = "<group>";
		};
		58302FC41F78E47A00D813DF /* CYPasswordView */ = {
			isa = PBXGroup;
			children = (
				58302FC51F78E47A00D813DF /* CYConst.h */,
				58302FC61F78E47A00D813DF /* CYConst.m */,
				58302FC71F78E47A00D813DF /* CYPasswordInputView.h */,
				58302FC81F78E47A00D813DF /* CYPasswordInputView.m */,
				58302FC91F78E47A00D813DF /* CYPasswordView.bundle */,
				58302FCA1F78E47A00D813DF /* CYPasswordView.h */,
				58302FCB1F78E47A00D813DF /* CYPasswordView.m */,
				58302FCC1F78E47A00D813DF /* NSBundle+CYPasswordView.h */,
				58302FCD1F78E47A00D813DF /* NSBundle+CYPasswordView.m */,
				58302FCE1F78E47A00D813DF /* UIView+Extension.h */,
				58302FCF1F78E47A00D813DF /* UIView+Extension.m */,
			);
			path = CYPasswordView;
			sourceTree = "<group>";
		};
		588755121F1600FF00602D43 = {
			isa = PBXGroup;
			children = (
				5887551D1F1600FF00602D43 /* Investment */,
				5887551C1F1600FF00602D43 /* Products */,
				201AB10D812CD8656CD7F8CC /* Pods */,
				DDFD7388A5BD36C21DED7DA1 /* Frameworks */,
			);
			sourceTree = "<group>";
		};
		5887551C1F1600FF00602D43 /* Products */ = {
			isa = PBXGroup;
			children = (
				5887551B1F1600FF00602D43 /* Investment.app */,
			);
			name = Products;
			sourceTree = "<group>";
		};
		5887551D1F1600FF00602D43 /* Investment */ = {
			isa = PBXGroup;
			children = (
				582E79F81F6BA80200A81F67 /* vendor */,
				589F31B01F627A1F0004E83D /* Login */,
				589F316B1F5FA2140004E83D /* Global */,
				589F316A1F5FA20A0004E83D /* Base */,
				589F31681F5FA0C40004E83D /* Fourth */,
				589F31671F5FA0BC0004E83D /* Third */,
				589F31661F5FA0B60004E83D /* Second */,
				589F31651F5FA0AB0004E83D /* First */,
				588755251F1600FF00602D43 /* Assets.xcassets */,
				588755271F1600FF00602D43 /* LaunchScreen.storyboard */,
				5887552A1F1600FF00602D43 /* Info.plist */,
			);
			path = Investment;
			sourceTree = "<group>";
		};
		589F31651F5FA0AB0004E83D /* First */ = {
			isa = PBXGroup;
			children = (
				589F31A61F60D5190004E83D /* LeftModel.swift */,
				588755321F16043000602D43 /* First.storyboard */,
				589F31591F5F9E330004E83D /* FirstController.swift */,
				589F316E1F5FB5660004E83D /* LeftController.swift */,
				589F31701F5FB5720004E83D /* RightController.swift */,
				589F31A81F60D9870004E83D /* LeftCell.swift */,
				582E79FB1F6BD1A100A81F67 /* LeftDetailController.swift */,
				582E79FD1F6D22C400A81F67 /* InsuranceController.swift */,
				582E79FF1F6D22D800A81F67 /* RecordController.swift */,
				582E7A011F6D242200A81F67 /* RecordCell.swift */,
				58302FD81F79FF4A00D813DF /* RecordModel.swift */,
			);
			path = First;
			sourceTree = "<group>";
		};
		589F31661F5FA0B60004E83D /* Second */ = {
			isa = PBXGroup;
			children = (
				58AF33F71F7B3B0200F3F082 /* PartModel.swift */,
				58D1029E1F75018C000EE176 /* GoodsModel.swift */,
				589F315B1F5F9E420004E83D /* SecondController.swift */,
				588755341F16043C00602D43 /* Second.storyboard */,
				589F31721F5FC7520004E83D /* SecondCell.swift */,
				58D102A01F750464000EE176 /* GoodsDetailController.swift */,
				58D102A21F7608E0000EE176 /* ChooseView.xib */,
				58D102A41F7608F0000EE176 /* ChooseView.swift */,
				58D102A61F7640F0000EE176 /* ChooseViewController.swift */,
			);
			path = Second;
			sourceTree = "<group>";
		};
		589F31671F5FA0BC0004E83D /* Third */ = {
			isa = PBXGroup;
			children = (
				58D102951F74FF55000EE176 /* souzhu */,
				588755361F16044700602D43 /* Third.storyboard */,
				5865D8E11F8C5C5A00CE1AFF /* MapModel.swift */,
				5865D8E51F8C6F1600CE1AFF /* STMyAnnotationView.swift */,
				5865D8E31F8C65BA00CE1AFF /* STMyAnnotation.swift */,
				589F315D1F5F9E520004E83D /* ThirdController.swift */,
			);
			path = Third;
			sourceTree = "<group>";
		};
		589F31681F5FA0C40004E83D /* Fourth */ = {
			isa = PBXGroup;
			children = (
				58D102781F73A80A000EE176 /* m */,
				582E79ED1F6A315900A81F67 /* v */,
				589F315F1F5F9E600004E83D /* FourthController.swift */,
				589F31AA1F60ED990004E83D /* MyOrderController.swift */,
				589F31AC1F60EE3B0004E83D /* OrderListController.swift */,
				582E79E71F69234700A81F67 /* MyInvestmentController.swift */,
				582E79EB1F6A26BC00A81F67 /* CardController.swift */,
				582E79F21F6A618C00A81F67 /* SalaryController.swift */,
				582E7A071F6FC8B500A81F67 /* AddCardController.swift */,
				582E7A091F70C04500A81F67 /* SettingController.swift */,
				58D102581F7218A6000EE176 /* AddressController.swift */,
				58D1025A1F7218C1000EE176 /* AddAddrController.swift */,
				58D102AC1F765334000EE176 /* SecurityCenterController.swift */,
				58302FD61F78EFD800D813DF /* RechargeController.swift */,
				58AF33FF1F7DED1000F3F082 /* WithdrawController.swift */,
			);
			path = Fourth;
			sourceTree = "<group>";
		};
		589F316A1F5FA20A0004E83D /* Base */ = {
			isa = PBXGroup;
			children = (
				589F31611F5FA0050004E83D /* BaseNavController.swift */,
				588755301F16028A00602D43 /* BaseTabbarController.swift */,
			);
			path = Base;
			sourceTree = "<group>";
		};
		589F316B1F5FA2140004E83D /* Global */ = {
			isa = PBXGroup;
			children = (
				582E79F61F6A741D00A81F67 /* AppDelegate.swift */,
				589F31AE1F611B190004E83D /* AppDefine.swift */,
				589F31A21F60D1DA0004E83D /* ANRefreshFooter.swift */,
				589F31A31F60D1DA0004E83D /* ANRefreshHeader.swift */,
				589F316C1F5FB5130004E83D /* UIView+Extension.swift */,
				589F31631F5FA0A40004E83D /* GlobalFunction.swift */,
				589F319A1F5FF5AC0004E83D /* ANBaseNetWork.swift */,
				589F31A01F5FF7DC0004E83D /* ANLog.swift */,
				589F31981F5FF3AD0004E83D /* ITService.swift */,
				589F319C1F5FF6110004E83D /* Investment-Bridging-Header.h */,
			);
			path = Global;
			sourceTree = "<group>";
		};
		589F31B01F627A1F0004E83D /* Login */ = {
			isa = PBXGroup;
			children = (
				589F31B11F627A5A0004E83D /* Login.storyboard */,
				582E79E51F68DC8900A81F67 /* RegisterController.swift */,
				582E79E31F68DC7100A81F67 /* LoginController.swift */,
			);
			path = Login;
			sourceTree = "<group>";
		};
		58AF33F91F7B55A700F3F082 /* JWCountButton */ = {
			isa = PBXGroup;
			children = (
				58AF33FA1F7B55A700F3F082 /* JWCountButton.h */,
				58AF33FB1F7B55A800F3F082 /* JWCountButton.m */,
			);
			path = JWCountButton;
			sourceTree = "<group>";
		};
		58D102781F73A80A000EE176 /* m */ = {
			isa = PBXGroup;
			children = (
				58AF33FD1F7CD70600F3F082 /* OrderModel.swift */,
				58AF33F31F7A255300F3F082 /* InvestModel.swift */,
				58D1027B1F73A8B4000EE176 /* AddrModel.swift */,
				58D102791F73A836000EE176 /* CardModel.swift */,
			);
			path = m;
			sourceTree = "<group>";
		};
		58D102811F74BEF8000EE176 /* DOPNavbarMenu */ = {
			isa = PBXGroup;
			children = (
				58D102821F74BF2C000EE176 /* DOPNavbarMenu.h */,
				58D102831F74BF2C000EE176 /* DOPNavbarMenu.m */,
				58D102841F74BF2C000EE176 /* UIView+DOPExtension.h */,
				58D102851F74BF2C000EE176 /* UIView+DOPExtension.m */,
			);
			path = DOPNavbarMenu;
			sourceTree = "<group>";
		};
		58D102881F74C123000EE176 /* ASValueTrackingSlider */ = {
			isa = PBXGroup;
			children = (
				58D102891F74C123000EE176 /* ASValuePopUpView.h */,
				58D1028A1F74C123000EE176 /* ASValuePopUpView.m */,
				58D1028B1F74C123000EE176 /* ASValueTrackingSlider.h */,
				58D1028C1F74C123000EE176 /* ASValueTrackingSlider.m */,
			);
			path = ASValueTrackingSlider;
			sourceTree = "<group>";
		};
		58D102951F74FF55000EE176 /* souzhu */ = {
			isa = PBXGroup;
			children = (
				58D102961F74FF80000EE176 /* FarmDetailViewController.swift */,
				58D102971F74FF80000EE176 /* HttpRequest.swift */,
				58D102981F74FF80000EE176 /* MapSearchPig.swift */,
				58D102991F74FF80000EE176 /* MapViewController.swift */,
			);
			path = souzhu;
			sourceTree = "<group>";
		};
		DDFD7388A5BD36C21DED7DA1 /* Frameworks */ = {
			isa = PBXGroup;
			children = (
				AC62D6580094BFC44A6B8EF4 /* Pods_Investment.framework */,
			);
			name = Frameworks;
			sourceTree = "<group>";
		};
/* End PBXGroup section */

/* Begin PBXNativeTarget section */
		5887551A1F1600FF00602D43 /* Investment */ = {
			isa = PBXNativeTarget;
			buildConfigurationList = 5887552D1F1600FF00602D43 /* Build configuration list for PBXNativeTarget "Investment" */;
			buildPhases = (
				F64E99CCEE7A833B4E6F8126 /* [CP] Check Pods Manifest.lock */,
				588755171F1600FF00602D43 /* Sources */,
				588755181F1600FF00602D43 /* Frameworks */,
				588755191F1600FF00602D43 /* Resources */,
				4B77EA9792C83F6558987897 /* [CP] Embed Pods Frameworks */,
				BFD6432427C2B3FF33171522 /* [CP] Copy Pods Resources */,
			);
			buildRules = (
			);
			dependencies = (
			);
			name = Investment;
			productName = Investment;
			productReference = 5887551B1F1600FF00602D43 /* Investment.app */;
			productType = "com.apple.product-type.application";
		};
/* End PBXNativeTarget section */

/* Begin PBXProject section */
		588755131F1600FF00602D43 /* Project object */ = {
			isa = PBXProject;
			attributes = {
				LastSwiftUpdateCheck = 0830;
				LastUpgradeCheck = 0830;
				ORGANIZATIONNAME = kaishen;
				TargetAttributes = {
					5887551A1F1600FF00602D43 = {
						CreatedOnToolsVersion = 8.3.2;
						DevelopmentTeam = 492TRLHR4N;
						LastSwiftMigration = 0830;
						ProvisioningStyle = Automatic;
					};
				};
			};
			buildConfigurationList = 588755161F1600FF00602D43 /* Build configuration list for PBXProject "Investment" */;
			compatibilityVersion = "Xcode 3.2";
			developmentRegion = English;
			hasScannedForEncodings = 0;
			knownRegions = (
				en,
				Base,
			);
			mainGroup = 588755121F1600FF00602D43;
			productRefGroup = 5887551C1F1600FF00602D43 /* Products */;
			projectDirPath = "";
			projectRoot = "";
			targets = (
				5887551A1F1600FF00602D43 /* Investment */,
			);
		};
/* End PBXProject section */

/* Begin PBXResourcesBuildPhase section */
		588755191F1600FF00602D43 /* Resources */ = {
			isa = PBXResourcesBuildPhase;
			buildActionMask = 2147483647;
			files = (
				58D102A91F7651AD000EE176 /* SetPayPwd.xib in Resources */,
				582E79F51F6A693B00A81F67 /* Fourth.storyboard in Resources */,
				588755351F16043C00602D43 /* Second.storyboard in Resources */,
				588755291F1600FF00602D43 /* LaunchScreen.storyboard in Resources */,
				58D102A31F7608E0000EE176 /* ChooseView.xib in Resources */,
				589F31B21F627A5A0004E83D /* Login.storyboard in Resources */,
				588755261F1600FF00602D43 /* Assets.xcassets in Resources */,
				588755331F16043000602D43 /* First.storyboard in Resources */,
				588755371F16044700602D43 /* Third.storyboard in Resources */,
				58302FD21F78E47A00D813DF /* CYPasswordView.bundle in Resources */,
			);
			runOnlyForDeploymentPostprocessing = 0;
		};
/* End PBXResourcesBuildPhase section */

/* Begin PBXShellScriptBuildPhase section */
		4B77EA9792C83F6558987897 /* [CP] Embed Pods Frameworks */ = {
			isa = PBXShellScriptBuildPhase;
			buildActionMask = 2147483647;
			files = (
			);
			inputPaths = (
			);
			name = "[CP] Embed Pods Frameworks";
			outputPaths = (
			);
			runOnlyForDeploymentPostprocessing = 0;
			shellPath = /bin/sh;
			shellScript = "\"${SRCROOT}/Pods/Target Support Files/Pods-Investment/Pods-Investment-frameworks.sh\"\n";
			showEnvVarsInLog = 0;
		};
		BFD6432427C2B3FF33171522 /* [CP] Copy Pods Resources */ = {
			isa = PBXShellScriptBuildPhase;
			buildActionMask = 2147483647;
			files = (
			);
			inputPaths = (
			);
			name = "[CP] Copy Pods Resources";
			outputPaths = (
			);
			runOnlyForDeploymentPostprocessing = 0;
			shellPath = /bin/sh;
			shellScript = "\"${SRCROOT}/Pods/Target Support Files/Pods-Investment/Pods-Investment-resources.sh\"\n";
			showEnvVarsInLog = 0;
		};
		F64E99CCEE7A833B4E6F8126 /* [CP] Check Pods Manifest.lock */ = {
			isa = PBXShellScriptBuildPhase;
			buildActionMask = 2147483647;
			files = (
			);
			inputPaths = (
			);
			name = "[CP] Check Pods Manifest.lock";
			outputPaths = (
			);
			runOnlyForDeploymentPostprocessing = 0;
			shellPath = /bin/sh;
			shellScript = "diff \"${PODS_PODFILE_DIR_PATH}/Podfile.lock\" \"${PODS_ROOT}/Manifest.lock\" > /dev/null\nif [ $? != 0 ] ; then\n    # print error to STDERR\n    echo \"error: The sandbox is not in sync with the Podfile.lock. Run 'pod install' or update your CocoaPods installation.\" >&2\n    exit 1\nfi\n";
			showEnvVarsInLog = 0;
		};
/* End PBXShellScriptBuildPhase section */

/* Begin PBXSourcesBuildPhase section */
		588755171F1600FF00602D43 /* Sources */ = {
			isa = PBXSourcesBuildPhase;
			buildActionMask = 2147483647;
			files = (
				582E79FE1F6D22C400A81F67 /* InsuranceController.swift in Sources */,
				582E79E81F69234700A81F67 /* MyInvestmentController.swift in Sources */,
				58D1027E1F73A951000EE176 /* AddrCell.swift in Sources */,
				58D102A71F7640F0000EE176 /* ChooseViewController.swift in Sources */,
				58AF33F81F7B3B0200F3F082 /* PartModel.swift in Sources */,
				58AF33F61F7A48C700F3F082 /* OrderCell.swift in Sources */,
				58302FD71F78EFD800D813DF /* RechargeController.swift in Sources */,
				58D102591F7218A6000EE176 /* AddressController.swift in Sources */,
				589F31A91F60D9870004E83D /* LeftCell.swift in Sources */,
				58302FD51F78E47A00D813DF /* UIView+Extension.m in Sources */,
				589F315A1F5F9E330004E83D /* FirstController.swift in Sources */,
				589F315E1F5F9E520004E83D /* ThirdController.swift in Sources */,
				58D1028D1F74C123000EE176 /* ASValuePopUpView.m in Sources */,
				589F316F1F5FB5660004E83D /* LeftController.swift in Sources */,
				58D102A11F750464000EE176 /* GoodsDetailController.swift in Sources */,
				589F315C1F5F9E420004E83D /* SecondController.swift in Sources */,
				58302FD41F78E47A00D813DF /* NSBundle+CYPasswordView.m in Sources */,
				58D102871F74BF2C000EE176 /* UIView+DOPExtension.m in Sources */,
				58D1027A1F73A836000EE176 /* CardModel.swift in Sources */,
				582E79EC1F6A26BC00A81F67 /* CardController.swift in Sources */,
				58D102AB1F7651C3000EE176 /* SetPayPwd.swift in Sources */,
				582E79F11F6A31A100A81F67 /* CardCell.swift in Sources */,
				58AF34001F7DED1000F3F082 /* WithdrawController.swift in Sources */,
				589F316D1F5FB5130004E83D /* UIView+Extension.swift in Sources */,
				589F31AD1F60EE3B0004E83D /* OrderListController.swift in Sources */,
				58AF33FE1F7CD70600F3F082 /* OrderModel.swift in Sources */,
				589F31711F5FB5720004E83D /* RightController.swift in Sources */,
				58302FD01F78E47A00D813DF /* CYConst.m in Sources */,
				5865D8E21F8C5C5A00CE1AFF /* MapModel.swift in Sources */,
				582E7A0C1F70C14500A81F67 /* PersonButton.swift in Sources */,
				582E7A021F6D242200A81F67 /* RecordCell.swift in Sources */,
				582E79E41F68DC7100A81F67 /* LoginController.swift in Sources */,
				5865D8E41F8C65BA00CE1AFF /* STMyAnnotation.swift in Sources */,
				589F31AB1F60ED990004E83D /* MyOrderController.swift in Sources */,
				589F31A51F60D1DA0004E83D /* ANRefreshHeader.swift in Sources */,
				589F31A71F60D5190004E83D /* LeftModel.swift in Sources */,
				582E79EF1F6A319400A81F67 /* MyInvestmentCell.swift in Sources */,
				589F31A11F5FF7DC0004E83D /* ANLog.swift in Sources */,
				58D102861F74BF2C000EE176 /* DOPNavbarMenu.m in Sources */,
				582E7A001F6D22D800A81F67 /* RecordController.swift in Sources */,
				582E79F71F6A741D00A81F67 /* AppDelegate.swift in Sources */,
				589F31731F5FC7520004E83D /* SecondCell.swift in Sources */,
				5865D8E61F8C6F1600CE1AFF /* STMyAnnotationView.swift in Sources */,
				58D102A51F7608F0000EE176 /* ChooseView.swift in Sources */,
				58D1027C1F73A8B4000EE176 /* AddrModel.swift in Sources */,
				58302FD31F78E47A00D813DF /* CYPasswordView.m in Sources */,
				58D1029F1F75018C000EE176 /* GoodsModel.swift in Sources */,
				58302FD11F78E47A00D813DF /* CYPasswordInputView.m in Sources */,
				582E79FC1F6BD1A100A81F67 /* LeftDetailController.swift in Sources */,
				58AF33F41F7A255300F3F082 /* InvestModel.swift in Sources */,
				589F31621F5FA0050004E83D /* BaseNavController.swift in Sources */,
				58D1025B1F7218C1000EE176 /* AddAddrController.swift in Sources */,
				58D102AD1F765334000EE176 /* SecurityCenterController.swift in Sources */,
				58AF33FC1F7B55A800F3F082 /* JWCountButton.m in Sources */,
				588755311F16028A00602D43 /* BaseTabbarController.swift in Sources */,
				589F31641F5FA0A40004E83D /* GlobalFunction.swift in Sources */,
				582E7A041F6F689300A81F67 /* STCountDownButton.swift in Sources */,
				589F31991F5FF3AD0004E83D /* ITService.swift in Sources */,
				582E79F31F6A618C00A81F67 /* SalaryController.swift in Sources */,
				582E7A0A1F70C04500A81F67 /* SettingController.swift in Sources */,
				589F31AF1F611B190004E83D /* AppDefine.swift in Sources */,
				582E79E61F68DC8900A81F67 /* RegisterController.swift in Sources */,
				58D1028E1F74C123000EE176 /* ASValueTrackingSlider.m in Sources */,
				589F31A41F60D1DA0004E83D /* ANRefreshFooter.swift in Sources */,
				582E7A081F6FC8B500A81F67 /* AddCardController.swift in Sources */,
				589F319B1F5FF5AC0004E83D /* ANBaseNetWork.swift in Sources */,
				589F31601F5F9E600004E83D /* FourthController.swift in Sources */,
				58302FD91F79FF4A00D813DF /* RecordModel.swift in Sources */,
			);
			runOnlyForDeploymentPostprocessing = 0;
		};
/* End PBXSourcesBuildPhase section */

/* Begin PBXVariantGroup section */
		588755271F1600FF00602D43 /* LaunchScreen.storyboard */ = {
			isa = PBXVariantGroup;
			children = (
				588755281F1600FF00602D43 /* Base */,
			);
			name = LaunchScreen.storyboard;
			sourceTree = "<group>";
		};
/* End PBXVariantGroup section */

/* Begin XCBuildConfiguration section */
		5887552B1F1600FF00602D43 /* Debug */ = {
			isa = XCBuildConfiguration;
			buildSettings = {
				ALWAYS_SEARCH_USER_PATHS = NO;
				CLANG_ANALYZER_NONNULL = YES;
				CLANG_ANALYZER_NUMBER_OBJECT_CONVERSION = YES_AGGRESSIVE;
				CLANG_CXX_LANGUAGE_STANDARD = "gnu++0x";
				CLANG_CXX_LIBRARY = "libc++";
				CLANG_ENABLE_MODULES = YES;
				CLANG_ENABLE_OBJC_ARC = YES;
				CLANG_WARN_BOOL_CONVERSION = YES;
				CLANG_WARN_CONSTANT_CONVERSION = YES;
				CLANG_WARN_DIRECT_OBJC_ISA_USAGE = YES_ERROR;
				CLANG_WARN_DOCUMENTATION_COMMENTS = YES;
				CLANG_WARN_EMPTY_BODY = YES;
				CLANG_WARN_ENUM_CONVERSION = YES;
				CLANG_WARN_INFINITE_RECURSION = YES;
				CLANG_WARN_INT_CONVERSION = YES;
				CLANG_WARN_OBJC_ROOT_CLASS = YES_ERROR;
				CLANG_WARN_SUSPICIOUS_MOVE = YES;
				CLANG_WARN_UNREACHABLE_CODE = YES;
				CLANG_WARN__DUPLICATE_METHOD_MATCH = YES;
				"CODE_SIGN_IDENTITY[sdk=iphoneos*]" = "iPhone Developer";
				COPY_PHASE_STRIP = NO;
				DEBUG_INFORMATION_FORMAT = dwarf;
				ENABLE_STRICT_OBJC_MSGSEND = YES;
				ENABLE_TESTABILITY = YES;
				GCC_C_LANGUAGE_STANDARD = gnu99;
				GCC_DYNAMIC_NO_PIC = NO;
				GCC_NO_COMMON_BLOCKS = YES;
				GCC_OPTIMIZATION_LEVEL = 0;
				GCC_PREPROCESSOR_DEFINITIONS = (
					"DEBUG=1",
					"$(inherited)",
				);
				GCC_WARN_64_TO_32_BIT_CONVERSION = YES;
				GCC_WARN_ABOUT_RETURN_TYPE = YES_ERROR;
				GCC_WARN_UNDECLARED_SELECTOR = YES;
				GCC_WARN_UNINITIALIZED_AUTOS = YES_AGGRESSIVE;
				GCC_WARN_UNUSED_FUNCTION = YES;
				GCC_WARN_UNUSED_VARIABLE = YES;
				IPHONEOS_DEPLOYMENT_TARGET = 10.3;
				MTL_ENABLE_DEBUG_INFO = YES;
				ONLY_ACTIVE_ARCH = YES;
				SDKROOT = iphoneos;
				SWIFT_ACTIVE_COMPILATION_CONDITIONS = DEBUG;
				SWIFT_OPTIMIZATION_LEVEL = "-Onone";
			};
			name = Debug;
		};
		5887552C1F1600FF00602D43 /* Release */ = {
			isa = XCBuildConfiguration;
			buildSettings = {
				ALWAYS_SEARCH_USER_PATHS = NO;
				CLANG_ANALYZER_NONNULL = YES;
				CLANG_ANALYZER_NUMBER_OBJECT_CONVERSION = YES_AGGRESSIVE;
				CLANG_CXX_LANGUAGE_STANDARD = "gnu++0x";
				CLANG_CXX_LIBRARY = "libc++";
				CLANG_ENABLE_MODULES = YES;
				CLANG_ENABLE_OBJC_ARC = YES;
				CLANG_WARN_BOOL_CONVERSION = YES;
				CLANG_WARN_CONSTANT_CONVERSION = YES;
				CLANG_WARN_DIRECT_OBJC_ISA_USAGE = YES_ERROR;
				CLANG_WARN_DOCUMENTATION_COMMENTS = YES;
				CLANG_WARN_EMPTY_BODY = YES;
				CLANG_WARN_ENUM_CONVERSION = YES;
				CLANG_WARN_INFINITE_RECURSION = YES;
				CLANG_WARN_INT_CONVERSION = YES;
				CLANG_WARN_OBJC_ROOT_CLASS = YES_ERROR;
				CLANG_WARN_SUSPICIOUS_MOVE = YES;
				CLANG_WARN_UNREACHABLE_CODE = YES;
				CLANG_WARN__DUPLICATE_METHOD_MATCH = YES;
				"CODE_SIGN_IDENTITY[sdk=iphoneos*]" = "iPhone Developer";
				COPY_PHASE_STRIP = NO;
				DEBUG_INFORMATION_FORMAT = "dwarf-with-dsym";
				ENABLE_NS_ASSERTIONS = NO;
				ENABLE_STRICT_OBJC_MSGSEND = YES;
				GCC_C_LANGUAGE_STANDARD = gnu99;
				GCC_NO_COMMON_BLOCKS = YES;
				GCC_WARN_64_TO_32_BIT_CONVERSION = YES;
				GCC_WARN_ABOUT_RETURN_TYPE = YES_ERROR;
				GCC_WARN_UNDECLARED_SELECTOR = YES;
				GCC_WARN_UNINITIALIZED_AUTOS = YES_AGGRESSIVE;
				GCC_WARN_UNUSED_FUNCTION = YES;
				GCC_WARN_UNUSED_VARIABLE = YES;
				IPHONEOS_DEPLOYMENT_TARGET = 10.3;
				MTL_ENABLE_DEBUG_INFO = NO;
				SDKROOT = iphoneos;
				SWIFT_OPTIMIZATION_LEVEL = "-Owholemodule";
				VALIDATE_PRODUCT = YES;
			};
			name = Release;
		};
		5887552E1F1600FF00602D43 /* Debug */ = {
			isa = XCBuildConfiguration;
			baseConfigurationReference = E8A5407F8DC43D5C6BD37496 /* Pods-Investment.debug.xcconfig */;
			buildSettings = {
				ASSETCATALOG_COMPILER_APPICON_NAME = AppIcon;
				CLANG_ENABLE_MODULES = YES;
				DEVELOPMENT_TEAM = 492TRLHR4N;
				INFOPLIST_FILE = Investment/Info.plist;
				IPHONEOS_DEPLOYMENT_TARGET = 9.0;
				LD_RUNPATH_SEARCH_PATHS = "$(inherited) @executable_path/Frameworks";
				PRODUCT_BUNDLE_IDENTIFIER = com.kaishen.Investment;
				PRODUCT_NAME = "$(TARGET_NAME)";
				SWIFT_OBJC_BRIDGING_HEADER = "Investment/Global/Investment-Bridging-Header.h";
				SWIFT_OPTIMIZATION_LEVEL = "-Onone";
				SWIFT_VERSION = 3.0;
			};
			name = Debug;
		};
		5887552F1F1600FF00602D43 /* Release */ = {
			isa = XCBuildConfiguration;
			baseConfigurationReference = ADC5CC48A22D8C8EAA110E1A /* Pods-Investment.release.xcconfig */;
			buildSettings = {
				ASSETCATALOG_COMPILER_APPICON_NAME = AppIcon;
				CLANG_ENABLE_MODULES = YES;
				DEVELOPMENT_TEAM = 492TRLHR4N;
				INFOPLIST_FILE = Investment/Info.plist;
				IPHONEOS_DEPLOYMENT_TARGET = 9.0;
				LD_RUNPATH_SEARCH_PATHS = "$(inherited) @executable_path/Frameworks";
				PRODUCT_BUNDLE_IDENTIFIER = com.kaishen.Investment;
				PRODUCT_NAME = "$(TARGET_NAME)";
				SWIFT_OBJC_BRIDGING_HEADER = "Investment/Global/Investment-Bridging-Header.h";
				SWIFT_VERSION = 3.0;
			};
			name = Release;
		};
/* End XCBuildConfiguration section */

/* Begin XCConfigurationList section */
		588755161F1600FF00602D43 /* Build configuration list for PBXProject "Investment" */ = {
			isa = XCConfigurationList;
			buildConfigurations = (
				5887552B1F1600FF00602D43 /* Debug */,
				5887552C1F1600FF00602D43 /* Release */,
			);
			defaultConfigurationIsVisible = 0;
			defaultConfigurationName = Release;
		};
		5887552D1F1600FF00602D43 /* Build configuration list for PBXNativeTarget "Investment" */ = {
			isa = XCConfigurationList;
			buildConfigurations = (
				5887552E1F1600FF00602D43 /* Debug */,
				5887552F1F1600FF00602D43 /* Release */,
			);
			defaultConfigurationIsVisible = 0;
			defaultConfigurationName = Release;
		};
/* End XCConfigurationList section */
	};
	rootObject = 588755131F1600FF00602D43 /* Project object */;
}
