// !$*UTF8*$!
{
	archiveVersion = 1;
	classes = {
	};
	objectVersion = 46;
	objects = {

/* Begin PBXBuildFile section */
		2461ABDB1DC7CC939BC305C2 /* Pods_Investment.framework in Frameworks */ = {isa = PBXBuildFile; fileRef = AC62D6580094BFC44A6B8EF4 /* Pods_Investment.framework */; };
		5887551F1F1600FF00602D43 /* AppDelegate.swift in Sources */ = {isa = PBXBuildFile; fileRef = 5887551E1F1600FF00602D43 /* AppDelegate.swift */; };
		588755261F1600FF00602D43 /* Assets.xcassets in Resources */ = {isa = PBXBuildFile; fileRef = 588755251F1600FF00602D43 /* Assets.xcassets */; };
		588755291F1600FF00602D43 /* LaunchScreen.storyboard in Resources */ = {isa = PBXBuildFile; fileRef = 588755271F1600FF00602D43 /* LaunchScreen.storyboard */; };
		588755311F16028A00602D43 /* BaseTabbarController.swift in Sources */ = {isa = PBXBuildFile; fileRef = 588755301F16028A00602D43 /* BaseTabbarController.swift */; };
		588755331F16043000602D43 /* First.storyboard in Resources */ = {isa = PBXBuildFile; fileRef = 588755321F16043000602D43 /* First.storyboard */; };
		588755351F16043C00602D43 /* Second.storyboard in Resources */ = {isa = PBXBuildFile; fileRef = 588755341F16043C00602D43 /* Second.storyboard */; };
		588755371F16044700602D43 /* Third.storyboard in Resources */ = {isa = PBXBuildFile; fileRef = 588755361F16044700602D43 /* Third.storyboard */; };
		588755391F16045F00602D43 /* Fourth.storyboard in Resources */ = {isa = PBXBuildFile; fileRef = 588755381F16045F00602D43 /* Fourth.storyboard */; };
		589F315A1F5F9E330004E83D /* FirstController.swift in Sources */ = {isa = PBXBuildFile; fileRef = 589F31591F5F9E330004E83D /* FirstController.swift */; };
		589F315C1F5F9E420004E83D /* SecondController.swift in Sources */ = {isa = PBXBuildFile; fileRef = 589F315B1F5F9E420004E83D /* SecondController.swift */; };
		589F315E1F5F9E520004E83D /* ThirdController.swift in Sources */ = {isa = PBXBuildFile; fileRef = 589F315D1F5F9E520004E83D /* ThirdController.swift */; };
		589F31601F5F9E600004E83D /* FourthController.swift in Sources */ = {isa = PBXBuildFile; fileRef = 589F315F1F5F9E600004E83D /* FourthController.swift */; };
		589F31621F5FA0050004E83D /* BaseNavController.swift in Sources */ = {isa = PBXBuildFile; fileRef = 589F31611F5FA0050004E83D /* BaseNavController.swift */; };
		589F31641F5FA0A40004E83D /* GlobalFunction.swift in Sources */ = {isa = PBXBuildFile; fileRef = 589F31631F5FA0A40004E83D /* GlobalFunction.swift */; };
		589F316D1F5FB5130004E83D /* UIView+Extension.swift in Sources */ = {isa = PBXBuildFile; fileRef = 589F316C1F5FB5130004E83D /* UIView+Extension.swift */; };
		589F316F1F5FB5660004E83D /* LeftController.swift in Sources */ = {isa = PBXBuildFile; fileRef = 589F316E1F5FB5660004E83D /* LeftController.swift */; };
		589F31711F5FB5720004E83D /* RightController.swift in Sources */ = {isa = PBXBuildFile; fileRef = 589F31701F5FB5720004E83D /* RightController.swift */; };
		589F31731F5FC7520004E83D /* SecondCell.swift in Sources */ = {isa = PBXBuildFile; fileRef = 589F31721F5FC7520004E83D /* SecondCell.swift */; };
		589F31991F5FF3AD0004E83D /* ITService.swift in Sources */ = {isa = PBXBuildFile; fileRef = 589F31981F5FF3AD0004E83D /* ITService.swift */; };
		589F319B1F5FF5AC0004E83D /* ANBaseNetWork.swift in Sources */ = {isa = PBXBuildFile; fileRef = 589F319A1F5FF5AC0004E83D /* ANBaseNetWork.swift */; };
		589F31A11F5FF7DC0004E83D /* ANLog.swift in Sources */ = {isa = PBXBuildFile; fileRef = 589F31A01F5FF7DC0004E83D /* ANLog.swift */; };
		589F31A41F60D1DA0004E83D /* ANRefreshFooter.swift in Sources */ = {isa = PBXBuildFile; fileRef = 589F31A21F60D1DA0004E83D /* ANRefreshFooter.swift */; };
		589F31A51F60D1DA0004E83D /* ANRefreshHeader.swift in Sources */ = {isa = PBXBuildFile; fileRef = 589F31A31F60D1DA0004E83D /* ANRefreshHeader.swift */; };
		589F31A71F60D5190004E83D /* LeftModel.swift in Sources */ = {isa = PBXBuildFile; fileRef = 589F31A61F60D5190004E83D /* LeftModel.swift */; };
		589F31A91F60D9870004E83D /* LeftCell.swift in Sources */ = {isa = PBXBuildFile; fileRef = 589F31A81F60D9870004E83D /* LeftCell.swift */; };
		589F31AB1F60ED990004E83D /* MyOrderController.swift in Sources */ = {isa = PBXBuildFile; fileRef = 589F31AA1F60ED990004E83D /* MyOrderController.swift */; };
		589F31AD1F60EE3B0004E83D /* OrderListController.swift in Sources */ = {isa = PBXBuildFile; fileRef = 589F31AC1F60EE3B0004E83D /* OrderListController.swift */; };
/* End PBXBuildFile section */

/* Begin PBXFileReference section */
		5887551B1F1600FF00602D43 /* Investment.app */ = {isa = PBXFileReference; explicitFileType = wrapper.application; includeInIndex = 0; path = Investment.app; sourceTree = BUILT_PRODUCTS_DIR; };
		5887551E1F1600FF00602D43 /* AppDelegate.swift */ = {isa = PBXFileReference; lastKnownFileType = sourcecode.swift; path = AppDelegate.swift; sourceTree = "<group>"; };
		588755251F1600FF00602D43 /* Assets.xcassets */ = {isa = PBXFileReference; lastKnownFileType = folder.assetcatalog; path = Assets.xcassets; sourceTree = "<group>"; };
		588755281F1600FF00602D43 /* Base */ = {isa = PBXFileReference; lastKnownFileType = file.storyboard; name = Base; path = Base.lproj/LaunchScreen.storyboard; sourceTree = "<group>"; };
		5887552A1F1600FF00602D43 /* Info.plist */ = {isa = PBXFileReference; lastKnownFileType = text.plist.xml; path = Info.plist; sourceTree = "<group>"; };
		588755301F16028A00602D43 /* BaseTabbarController.swift */ = {isa = PBXFileReference; fileEncoding = 4; lastKnownFileType = sourcecode.swift; path = BaseTabbarController.swift; sourceTree = "<group>"; };
		588755321F16043000602D43 /* First.storyboard */ = {isa = PBXFileReference; fileEncoding = 4; lastKnownFileType = file.storyboard; name = First.storyboard; path = Investment/First.storyboard; sourceTree = SOURCE_ROOT; };
		588755341F16043C00602D43 /* Second.storyboard */ = {isa = PBXFileReference; fileEncoding = 4; lastKnownFileType = file.storyboard; name = Second.storyboard; path = Investment/Second.storyboard; sourceTree = SOURCE_ROOT; };
		588755361F16044700602D43 /* Third.storyboard */ = {isa = PBXFileReference; fileEncoding = 4; lastKnownFileType = file.storyboard; name = Third.storyboard; path = Investment/Third.storyboard; sourceTree = SOURCE_ROOT; };
		588755381F16045F00602D43 /* Fourth.storyboard */ = {isa = PBXFileReference; fileEncoding = 4; lastKnownFileType = file.storyboard; name = Fourth.storyboard; path = Investment/Fourth.storyboard; sourceTree = SOURCE_ROOT; };
		589F31591F5F9E330004E83D /* FirstController.swift */ = {isa = PBXFileReference; fileEncoding = 4; lastKnownFileType = sourcecode.swift; name = FirstController.swift; path = Investment/FirstController.swift; sourceTree = SOURCE_ROOT; };
		589F315B1F5F9E420004E83D /* SecondController.swift */ = {isa = PBXFileReference; fileEncoding = 4; lastKnownFileType = sourcecode.swift; name = SecondController.swift; path = Investment/SecondController.swift; sourceTree = SOURCE_ROOT; };
		589F315D1F5F9E520004E83D /* ThirdController.swift */ = {isa = PBXFileReference; fileEncoding = 4; lastKnownFileType = sourcecode.swift; name = ThirdController.swift; path = Investment/ThirdController.swift; sourceTree = SOURCE_ROOT; };
		589F315F1F5F9E600004E83D /* FourthController.swift */ = {isa = PBXFileReference; fileEncoding = 4; lastKnownFileType = sourcecode.swift; name = FourthController.swift; path = Investment/FourthController.swift; sourceTree = SOURCE_ROOT; };
		589F31611F5FA0050004E83D /* BaseNavController.swift */ = {isa = PBXFileReference; fileEncoding = 4; lastKnownFileType = sourcecode.swift; path = BaseNavController.swift; sourceTree = "<group>"; };
		589F31631F5FA0A40004E83D /* GlobalFunction.swift */ = {isa = PBXFileReference; fileEncoding = 4; lastKnownFileType = sourcecode.swift; path = GlobalFunction.swift; sourceTree = "<group>"; };
		589F316C1F5FB5130004E83D /* UIView+Extension.swift */ = {isa = PBXFileReference; fileEncoding = 4; lastKnownFileType = sourcecode.swift; path = "UIView+Extension.swift"; sourceTree = "<group>"; };
		589F316E1F5FB5660004E83D /* LeftController.swift */ = {isa = PBXFileReference; fileEncoding = 4; lastKnownFileType = sourcecode.swift; path = LeftController.swift; sourceTree = "<group>"; };
		589F31701F5FB5720004E83D /* RightController.swift */ = {isa = PBXFileReference; fileEncoding = 4; lastKnownFileType = sourcecode.swift; path = RightController.swift; sourceTree = "<group>"; };
		589F31721F5FC7520004E83D /* SecondCell.swift */ = {isa = PBXFileReference; fileEncoding = 4; lastKnownFileType = sourcecode.swift; path = SecondCell.swift; sourceTree = "<group>"; };
		589F31981F5FF3AD0004E83D /* ITService.swift */ = {isa = PBXFileReference; fileEncoding = 4; lastKnownFileType = sourcecode.swift; path = ITService.swift; sourceTree = "<group>"; };
		589F319A1F5FF5AC0004E83D /* ANBaseNetWork.swift */ = {isa = PBXFileReference; fileEncoding = 4; lastKnownFileType = sourcecode.swift; path = ANBaseNetWork.swift; sourceTree = "<group>"; };
		589F319C1F5FF6110004E83D /* Investment-Bridging-Header.h */ = {isa = PBXFileReference; lastKnownFileType = sourcecode.c.h; path = "Investment-Bridging-Header.h"; sourceTree = "<group>"; };
		589F31A01F5FF7DC0004E83D /* ANLog.swift */ = {isa = PBXFileReference; fileEncoding = 4; lastKnownFileType = sourcecode.swift; path = ANLog.swift; sourceTree = "<group>"; };
		589F31A21F60D1DA0004E83D /* ANRefreshFooter.swift */ = {isa = PBXFileReference; fileEncoding = 4; lastKnownFileType = sourcecode.swift; path = ANRefreshFooter.swift; sourceTree = "<group>"; };
		589F31A31F60D1DA0004E83D /* ANRefreshHeader.swift */ = {isa = PBXFileReference; fileEncoding = 4; lastKnownFileType = sourcecode.swift; path = ANRefreshHeader.swift; sourceTree = "<group>"; };
		589F31A61F60D5190004E83D /* LeftModel.swift */ = {isa = PBXFileReference; fileEncoding = 4; lastKnownFileType = sourcecode.swift; path = LeftModel.swift; sourceTree = "<group>"; };
		589F31A81F60D9870004E83D /* LeftCell.swift */ = {isa = PBXFileReference; fileEncoding = 4; lastKnownFileType = sourcecode.swift; path = LeftCell.swift; sourceTree = "<group>"; };
		589F31AA1F60ED990004E83D /* MyOrderController.swift */ = {isa = PBXFileReference; fileEncoding = 4; lastKnownFileType = sourcecode.swift; path = MyOrderController.swift; sourceTree = "<group>"; };
		589F31AC1F60EE3B0004E83D /* OrderListController.swift */ = {isa = PBXFileReference; fileEncoding = 4; lastKnownFileType = sourcecode.swift; path = OrderListController.swift; sourceTree = "<group>"; };
		AC62D6580094BFC44A6B8EF4 /* Pods_Investment.framework */ = {isa = PBXFileReference; explicitFileType = wrapper.framework; includeInIndex = 0; path = Pods_Investment.framework; sourceTree = BUILT_PRODUCTS_DIR; };
		ADC5CC48A22D8C8EAA110E1A /* Pods-Investment.release.xcconfig */ = {isa = PBXFileReference; includeInIndex = 1; lastKnownFileType = text.xcconfig; name = "Pods-Investment.release.xcconfig"; path = "Pods/Target Support Files/Pods-Investment/Pods-Investment.release.xcconfig"; sourceTree = "<group>"; };
		E8A5407F8DC43D5C6BD37496 /* Pods-Investment.debug.xcconfig */ = {isa = PBXFileReference; includeInIndex = 1; lastKnownFileType = text.xcconfig; name = "Pods-Investment.debug.xcconfig"; path = "Pods/Target Support Files/Pods-Investment/Pods-Investment.debug.xcconfig"; sourceTree = "<group>"; };
/* End PBXFileReference section */

/* Begin PBXFrameworksBuildPhase section */
		588755181F1600FF00602D43 /* Frameworks */ = {
			isa = PBXFrameworksBuildPhase;
			buildActionMask = 2147483647;
			files = (
				2461ABDB1DC7CC939BC305C2 /* Pods_Investment.framework in Frameworks */,
			);
			runOnlyForDeploymentPostprocessing = 0;
		};
/* End PBXFrameworksBuildPhase section */

/* Begin PBXGroup section */
		201AB10D812CD8656CD7F8CC /* Pods */ = {
			isa = PBXGroup;
			children = (
				E8A5407F8DC43D5C6BD37496 /* Pods-Investment.debug.xcconfig */,
				ADC5CC48A22D8C8EAA110E1A /* Pods-Investment.release.xcconfig */,
			);
			name = Pods;
			sourceTree = "<group>";
		};
		588755121F1600FF00602D43 = {
			isa = PBXGroup;
			children = (
				5887551D1F1600FF00602D43 /* Investment */,
				5887551C1F1600FF00602D43 /* Products */,
				201AB10D812CD8656CD7F8CC /* Pods */,
				DDFD7388A5BD36C21DED7DA1 /* Frameworks */,
			);
			sourceTree = "<group>";
		};
		5887551C1F1600FF00602D43 /* Products */ = {
			isa = PBXGroup;
			children = (
				5887551B1F1600FF00602D43 /* Investment.app */,
			);
			name = Products;
			sourceTree = "<group>";
		};
		5887551D1F1600FF00602D43 /* Investment */ = {
			isa = PBXGroup;
			children = (
				589F316B1F5FA2140004E83D /* Global */,
				589F316A1F5FA20A0004E83D /* Base */,
				589F31681F5FA0C40004E83D /* Fourth */,
				589F31671F5FA0BC0004E83D /* Third */,
				589F31661F5FA0B60004E83D /* Second */,
				589F31651F5FA0AB0004E83D /* First */,
				5887551E1F1600FF00602D43 /* AppDelegate.swift */,
				588755251F1600FF00602D43 /* Assets.xcassets */,
				588755271F1600FF00602D43 /* LaunchScreen.storyboard */,
				5887552A1F1600FF00602D43 /* Info.plist */,
			);
			path = Investment;
			sourceTree = "<group>";
		};
		589F31651F5FA0AB0004E83D /* First */ = {
			isa = PBXGroup;
			children = (
				589F31A61F60D5190004E83D /* LeftModel.swift */,
				588755321F16043000602D43 /* First.storyboard */,
				589F31591F5F9E330004E83D /* FirstController.swift */,
				589F316E1F5FB5660004E83D /* LeftController.swift */,
				589F31701F5FB5720004E83D /* RightController.swift */,
				589F31A81F60D9870004E83D /* LeftCell.swift */,
			);
			path = First;
			sourceTree = "<group>";
		};
		589F31661F5FA0B60004E83D /* Second */ = {
			isa = PBXGroup;
			children = (
				589F315B1F5F9E420004E83D /* SecondController.swift */,
				588755341F16043C00602D43 /* Second.storyboard */,
				589F31721F5FC7520004E83D /* SecondCell.swift */,
			);
			path = Second;
			sourceTree = "<group>";
		};
		589F31671F5FA0BC0004E83D /* Third */ = {
			isa = PBXGroup;
			children = (
				588755361F16044700602D43 /* Third.storyboard */,
				589F315D1F5F9E520004E83D /* ThirdController.swift */,
			);
			path = Third;
			sourceTree = "<group>";
		};
		589F31681F5FA0C40004E83D /* Fourth */ = {
			isa = PBXGroup;
			children = (
				589F315F1F5F9E600004E83D /* FourthController.swift */,
				588755381F16045F00602D43 /* Fourth.storyboard */,
				589F31AA1F60ED990004E83D /* MyOrderController.swift */,
				589F31AC1F60EE3B0004E83D /* OrderListController.swift */,
			);
			path = Fourth;
			sourceTree = "<group>";
		};
		589F316A1F5FA20A0004E83D /* Base */ = {
			isa = PBXGroup;
			children = (
				589F31611F5FA0050004E83D /* BaseNavController.swift */,
				588755301F16028A00602D43 /* BaseTabbarController.swift */,
			);
			path = Base;
			sourceTree = "<group>";
		};
		589F316B1F5FA2140004E83D /* Global */ = {
			isa = PBXGroup;
			children = (
				589F31A21F60D1DA0004E83D /* ANRefreshFooter.swift */,
				589F31A31F60D1DA0004E83D /* ANRefreshHeader.swift */,
				589F316C1F5FB5130004E83D /* UIView+Extension.swift */,
				589F31631F5FA0A40004E83D /* GlobalFunction.swift */,
				589F319A1F5FF5AC0004E83D /* ANBaseNetWork.swift */,
				589F31A01F5FF7DC0004E83D /* ANLog.swift */,
				589F31981F5FF3AD0004E83D /* ITService.swift */,
				589F319C1F5FF6110004E83D /* Investment-Bridging-Header.h */,
			);
			path = Global;
			sourceTree = "<group>";
		};
		DDFD7388A5BD36C21DED7DA1 /* Frameworks */ = {
			isa = PBXGroup;
			children = (
				AC62D6580094BFC44A6B8EF4 /* Pods_Investment.framework */,
			);
			name = Frameworks;
			sourceTree = "<group>";
		};
/* End PBXGroup section */

/* Begin PBXNativeTarget section */
		5887551A1F1600FF00602D43 /* Investment */ = {
			isa = PBXNativeTarget;
			buildConfigurationList = 5887552D1F1600FF00602D43 /* Build configuration list for PBXNativeTarget "Investment" */;
			buildPhases = (
				F64E99CCEE7A833B4E6F8126 /* [CP] Check Pods Manifest.lock */,
				588755171F1600FF00602D43 /* Sources */,
				588755181F1600FF00602D43 /* Frameworks */,
				588755191F1600FF00602D43 /* Resources */,
				4B77EA9792C83F6558987897 /* [CP] Embed Pods Frameworks */,
				BFD6432427C2B3FF33171522 /* [CP] Copy Pods Resources */,
			);
			buildRules = (
			);
			dependencies = (
			);
			name = Investment;
			productName = Investment;
			productReference = 5887551B1F1600FF00602D43 /* Investment.app */;
			productType = "com.apple.product-type.application";
		};
/* End PBXNativeTarget section */

/* Begin PBXProject section */
		588755131F1600FF00602D43 /* Project object */ = {
			isa = PBXProject;
			attributes = {
				LastSwiftUpdateCheck = 0830;
				LastUpgradeCheck = 0830;
				ORGANIZATIONNAME = kaishen;
				TargetAttributes = {
					5887551A1F1600FF00602D43 = {
						CreatedOnToolsVersion = 8.3.2;
						DevelopmentTeam = Z7VUQFZ74Q;
						LastSwiftMigration = 0830;
						ProvisioningStyle = Automatic;
					};
				};
			};
			buildConfigurationList = 588755161F1600FF00602D43 /* Build configuration list for PBXProject "Investment" */;
			compatibilityVersion = "Xcode 3.2";
			developmentRegion = English;
			hasScannedForEncodings = 0;
			knownRegions = (
				en,
				Base,
			);
			mainGroup = 588755121F1600FF00602D43;
			productRefGroup = 5887551C1F1600FF00602D43 /* Products */;
			projectDirPath = "";
			projectRoot = "";
			targets = (
				5887551A1F1600FF00602D43 /* Investment */,
			);
		};
/* End PBXProject section */

/* Begin PBXResourcesBuildPhase section */
		588755191F1600FF00602D43 /* Resources */ = {
			isa = PBXResourcesBuildPhase;
			buildActionMask = 2147483647;
			files = (
				588755351F16043C00602D43 /* Second.storyboard in Resources */,
				588755291F1600FF00602D43 /* LaunchScreen.storyboard in Resources */,
				588755261F1600FF00602D43 /* Assets.xcassets in Resources */,
				588755331F16043000602D43 /* First.storyboard in Resources */,
				588755391F16045F00602D43 /* Fourth.storyboard in Resources */,
				588755371F16044700602D43 /* Third.storyboard in Resources */,
			);
			runOnlyForDeploymentPostprocessing = 0;
		};
/* End PBXResourcesBuildPhase section */

/* Begin PBXShellScriptBuildPhase section */
		4B77EA9792C83F6558987897 /* [CP] Embed Pods Frameworks */ = {
			isa = PBXShellScriptBuildPhase;
			buildActionMask = 2147483647;
			files = (
			);
			inputPaths = (
			);
			name = "[CP] Embed Pods Frameworks";
			outputPaths = (
			);
			runOnlyForDeploymentPostprocessing = 0;
			shellPath = /bin/sh;
			shellScript = "\"${SRCROOT}/Pods/Target Support Files/Pods-Investment/Pods-Investment-frameworks.sh\"\n";
			showEnvVarsInLog = 0;
		};
		BFD6432427C2B3FF33171522 /* [CP] Copy Pods Resources */ = {
			isa = PBXShellScriptBuildPhase;
			buildActionMask = 2147483647;
			files = (
			);
			inputPaths = (
			);
			name = "[CP] Copy Pods Resources";
			outputPaths = (
			);
			runOnlyForDeploymentPostprocessing = 0;
			shellPath = /bin/sh;
			shellScript = "\"${SRCROOT}/Pods/Target Support Files/Pods-Investment/Pods-Investment-resources.sh\"\n";
			showEnvVarsInLog = 0;
		};
		F64E99CCEE7A833B4E6F8126 /* [CP] Check Pods Manifest.lock */ = {
			isa = PBXShellScriptBuildPhase;
			buildActionMask = 2147483647;
			files = (
			);
			inputPaths = (
			);
			name = "[CP] Check Pods Manifest.lock";
			outputPaths = (
			);
			runOnlyForDeploymentPostprocessing = 0;
			shellPath = /bin/sh;
			shellScript = "diff \"${PODS_PODFILE_DIR_PATH}/Podfile.lock\" \"${PODS_ROOT}/Manifest.lock\" > /dev/null\nif [ $? != 0 ] ; then\n    # print error to STDERR\n    echo \"error: The sandbox is not in sync with the Podfile.lock. Run 'pod install' or update your CocoaPods installation.\" >&2\n    exit 1\nfi\n";
			showEnvVarsInLog = 0;
		};
/* End PBXShellScriptBuildPhase section */

/* Begin PBXSourcesBuildPhase section */
		588755171F1600FF00602D43 /* Sources */ = {
			isa = PBXSourcesBuildPhase;
			buildActionMask = 2147483647;
			files = (
				589F31A91F60D9870004E83D /* LeftCell.swift in Sources */,
				589F315A1F5F9E330004E83D /* FirstController.swift in Sources */,
				589F315E1F5F9E520004E83D /* ThirdController.swift in Sources */,
				589F316F1F5FB5660004E83D /* LeftController.swift in Sources */,
				589F315C1F5F9E420004E83D /* SecondController.swift in Sources */,
				589F316D1F5FB5130004E83D /* UIView+Extension.swift in Sources */,
				5887551F1F1600FF00602D43 /* AppDelegate.swift in Sources */,
				589F31AD1F60EE3B0004E83D /* OrderListController.swift in Sources */,
				589F31711F5FB5720004E83D /* RightController.swift in Sources */,
				589F31AB1F60ED990004E83D /* MyOrderController.swift in Sources */,
				589F31A51F60D1DA0004E83D /* ANRefreshHeader.swift in Sources */,
				589F31A71F60D5190004E83D /* LeftModel.swift in Sources */,
				589F31A11F5FF7DC0004E83D /* ANLog.swift in Sources */,
				589F31731F5FC7520004E83D /* SecondCell.swift in Sources */,
				589F31621F5FA0050004E83D /* BaseNavController.swift in Sources */,
				588755311F16028A00602D43 /* BaseTabbarController.swift in Sources */,
				589F31641F5FA0A40004E83D /* GlobalFunction.swift in Sources */,
				589F31991F5FF3AD0004E83D /* ITService.swift in Sources */,
				589F31A41F60D1DA0004E83D /* ANRefreshFooter.swift in Sources */,
				589F319B1F5FF5AC0004E83D /* ANBaseNetWork.swift in Sources */,
				589F31601F5F9E600004E83D /* FourthController.swift in Sources */,
			);
			runOnlyForDeploymentPostprocessing = 0;
		};
/* End PBXSourcesBuildPhase section */

/* Begin PBXVariantGroup section */
		588755271F1600FF00602D43 /* LaunchScreen.storyboard */ = {
			isa = PBXVariantGroup;
			children = (
				588755281F1600FF00602D43 /* Base */,
			);
			name = LaunchScreen.storyboard;
			sourceTree = "<group>";
		};
/* End PBXVariantGroup section */

/* Begin XCBuildConfiguration section */
		5887552B1F1600FF00602D43 /* Debug */ = {
			isa = XCBuildConfiguration;
			buildSettings = {
				ALWAYS_SEARCH_USER_PATHS = NO;
				CLANG_ANALYZER_NONNULL = YES;
				CLANG_ANALYZER_NUMBER_OBJECT_CONVERSION = YES_AGGRESSIVE;
				CLANG_CXX_LANGUAGE_STANDARD = "gnu++0x";
				CLANG_CXX_LIBRARY = "libc++";
				CLANG_ENABLE_MODULES = YES;
				CLANG_ENABLE_OBJC_ARC = YES;
				CLANG_WARN_BOOL_CONVERSION = YES;
				CLANG_WARN_CONSTANT_CONVERSION = YES;
				CLANG_WARN_DIRECT_OBJC_ISA_USAGE = YES_ERROR;
				CLANG_WARN_DOCUMENTATION_COMMENTS = YES;
				CLANG_WARN_EMPTY_BODY = YES;
				CLANG_WARN_ENUM_CONVERSION = YES;
				CLANG_WARN_INFINITE_RECURSION = YES;
				CLANG_WARN_INT_CONVERSION = YES;
				CLANG_WARN_OBJC_ROOT_CLASS = YES_ERROR;
				CLANG_WARN_SUSPICIOUS_MOVE = YES;
				CLANG_WARN_UNREACHABLE_CODE = YES;
				CLANG_WARN__DUPLICATE_METHOD_MATCH = YES;
				"CODE_SIGN_IDENTITY[sdk=iphoneos*]" = "iPhone Developer";
				COPY_PHASE_STRIP = NO;
				DEBUG_INFORMATION_FORMAT = dwarf;
				ENABLE_STRICT_OBJC_MSGSEND = YES;
				ENABLE_TESTABILITY = YES;
				GCC_C_LANGUAGE_STANDARD = gnu99;
				GCC_DYNAMIC_NO_PIC = NO;
				GCC_NO_COMMON_BLOCKS = YES;
				GCC_OPTIMIZATION_LEVEL = 0;
				GCC_PREPROCESSOR_DEFINITIONS = (
					"DEBUG=1",
					"$(inherited)",
				);
				GCC_WARN_64_TO_32_BIT_CONVERSION = YES;
				GCC_WARN_ABOUT_RETURN_TYPE = YES_ERROR;
				GCC_WARN_UNDECLARED_SELECTOR = YES;
				GCC_WARN_UNINITIALIZED_AUTOS = YES_AGGRESSIVE;
				GCC_WARN_UNUSED_FUNCTION = YES;
				GCC_WARN_UNUSED_VARIABLE = YES;
				IPHONEOS_DEPLOYMENT_TARGET = 10.3;
				MTL_ENABLE_DEBUG_INFO = YES;
				ONLY_ACTIVE_ARCH = YES;
				SDKROOT = iphoneos;
				SWIFT_ACTIVE_COMPILATION_CONDITIONS = DEBUG;
				SWIFT_OPTIMIZATION_LEVEL = "-Onone";
			};
			name = Debug;
		};
		5887552C1F1600FF00602D43 /* Release */ = {
			isa = XCBuildConfiguration;
			buildSettings = {
				ALWAYS_SEARCH_USER_PATHS = NO;
				CLANG_ANALYZER_NONNULL = YES;
				CLANG_ANALYZER_NUMBER_OBJECT_CONVERSION = YES_AGGRESSIVE;
				CLANG_CXX_LANGUAGE_STANDARD = "gnu++0x";
				CLANG_CXX_LIBRARY = "libc++";
				CLANG_ENABLE_MODULES = YES;
				CLANG_ENABLE_OBJC_ARC = YES;
				CLANG_WARN_BOOL_CONVERSION = YES;
				CLANG_WARN_CONSTANT_CONVERSION = YES;
				CLANG_WARN_DIRECT_OBJC_ISA_USAGE = YES_ERROR;
				CLANG_WARN_DOCUMENTATION_COMMENTS = YES;
				CLANG_WARN_EMPTY_BODY = YES;
				CLANG_WARN_ENUM_CONVERSION = YES;
				CLANG_WARN_INFINITE_RECURSION = YES;
				CLANG_WARN_INT_CONVERSION = YES;
				CLANG_WARN_OBJC_ROOT_CLASS = YES_ERROR;
				CLANG_WARN_SUSPICIOUS_MOVE = YES;
				CLANG_WARN_UNREACHABLE_CODE = YES;
				CLANG_WARN__DUPLICATE_METHOD_MATCH = YES;
				"CODE_SIGN_IDENTITY[sdk=iphoneos*]" = "iPhone Developer";
				COPY_PHASE_STRIP = NO;
				DEBUG_INFORMATION_FORMAT = "dwarf-with-dsym";
				ENABLE_NS_ASSERTIONS = NO;
				ENABLE_STRICT_OBJC_MSGSEND = YES;
				GCC_C_LANGUAGE_STANDARD = gnu99;
				GCC_NO_COMMON_BLOCKS = YES;
				GCC_WARN_64_TO_32_BIT_CONVERSION = YES;
				GCC_WARN_ABOUT_RETURN_TYPE = YES_ERROR;
				GCC_WARN_UNDECLARED_SELECTOR = YES;
				GCC_WARN_UNINITIALIZED_AUTOS = YES_AGGRESSIVE;
				GCC_WARN_UNUSED_FUNCTION = YES;
				GCC_WARN_UNUSED_VARIABLE = YES;
				IPHONEOS_DEPLOYMENT_TARGET = 10.3;
				MTL_ENABLE_DEBUG_INFO = NO;
				SDKROOT = iphoneos;
				SWIFT_OPTIMIZATION_LEVEL = "-Owholemodule";
				VALIDATE_PRODUCT = YES;
			};
			name = Release;
		};
		5887552E1F1600FF00602D43 /* Debug */ = {
			isa = XCBuildConfiguration;
			baseConfigurationReference = E8A5407F8DC43D5C6BD37496 /* Pods-Investment.debug.xcconfig */;
			buildSettings = {
				ASSETCATALOG_COMPILER_APPICON_NAME = AppIcon;
				CLANG_ENABLE_MODULES = YES;
				DEVELOPMENT_TEAM = Z7VUQFZ74Q;
				INFOPLIST_FILE = Investment/Info.plist;
				IPHONEOS_DEPLOYMENT_TARGET = 9.0;
				LD_RUNPATH_SEARCH_PATHS = "$(inherited) @executable_path/Frameworks";
				PRODUCT_BUNDLE_IDENTIFIER = com.kaishen.Investment;
				PRODUCT_NAME = "$(TARGET_NAME)";
				SWIFT_OBJC_BRIDGING_HEADER = "Investment/Global/Investment-Bridging-Header.h";
				SWIFT_OPTIMIZATION_LEVEL = "-Onone";
				SWIFT_VERSION = 3.0;
			};
			name = Debug;
		};
		5887552F1F1600FF00602D43 /* Release */ = {
			isa = XCBuildConfiguration;
			baseConfigurationReference = ADC5CC48A22D8C8EAA110E1A /* Pods-Investment.release.xcconfig */;
			buildSettings = {
				ASSETCATALOG_COMPILER_APPICON_NAME = AppIcon;
				CLANG_ENABLE_MODULES = YES;
				DEVELOPMENT_TEAM = Z7VUQFZ74Q;
				INFOPLIST_FILE = Investment/Info.plist;
				IPHONEOS_DEPLOYMENT_TARGET = 9.0;
				LD_RUNPATH_SEARCH_PATHS = "$(inherited) @executable_path/Frameworks";
				PRODUCT_BUNDLE_IDENTIFIER = com.kaishen.Investment;
				PRODUCT_NAME = "$(TARGET_NAME)";
				SWIFT_OBJC_BRIDGING_HEADER = "Investment/Global/Investment-Bridging-Header.h";
				SWIFT_VERSION = 3.0;
			};
			name = Release;
		};
/* End XCBuildConfiguration section */

/* Begin XCConfigurationList section */
		588755161F1600FF00602D43 /* Build configuration list for PBXProject "Investment" */ = {
			isa = XCConfigurationList;
			buildConfigurations = (
				5887552B1F1600FF00602D43 /* Debug */,
				5887552C1F1600FF00602D43 /* Release */,
			);
			defaultConfigurationIsVisible = 0;
			defaultConfigurationName = Release;
		};
		5887552D1F1600FF00602D43 /* Build configuration list for PBXNativeTarget "Investment" */ = {
			isa = XCConfigurationList;
			buildConfigurations = (
				5887552E1F1600FF00602D43 /* Debug */,
				5887552F1F1600FF00602D43 /* Release */,
			);
			defaultConfigurationIsVisible = 0;
			defaultConfigurationName = Release;
		};
/* End XCConfigurationList section */
	};
	rootObject = 588755131F1600FF00602D43 /* Project object */;
}
